// !$*UTF8*$!
{
	archiveVersion = 1;
	classes = {
	};
	objectVersion = 50;
	objects = {

/* Begin PBXBuildFile section */
		0F903484240692AA00051277 /* VoidReply.swift in Sources */ = {isa = PBXBuildFile; fileRef = 0F903483240692AA00051277 /* VoidReply.swift */; };
		0F95EB5724637DD2000B859D /* PendingRequest.swift in Sources */ = {isa = PBXBuildFile; fileRef = 0F95EB5624637DD2000B859D /* PendingRequest.swift */; };
		0F9D70FE2445723E0053C6FD /* MetricsView.swift in Sources */ = {isa = PBXBuildFile; fileRef = 0F9D70FD2445723E0053C6FD /* MetricsView.swift */; };
		0F9D710224458EBD0053C6FD /* MetricsViewTests.swift in Sources */ = {isa = PBXBuildFile; fileRef = 0F9D710124458EBD0053C6FD /* MetricsViewTests.swift */; };
		0FA1F1B6242AECB5005AD490 /* UsersPreferences.swift in Sources */ = {isa = PBXBuildFile; fileRef = 0FA1F1B5242AECB5005AD490 /* UsersPreferences.swift */; };
		0FAA75502407350E00CB3C73 /* RegisterUser.swift in Sources */ = {isa = PBXBuildFile; fileRef = 0FAA754F2407350E00CB3C73 /* RegisterUser.swift */; };
		0FAA75542407374B00CB3C73 /* UserThresholdHeart.swift in Sources */ = {isa = PBXBuildFile; fileRef = 0FAA75532407374B00CB3C73 /* UserThresholdHeart.swift */; };
		0FAA75562407383200CB3C73 /* UserThresholdPace.swift in Sources */ = {isa = PBXBuildFile; fileRef = 0FAA75552407383200CB3C73 /* UserThresholdPace.swift */; };
		0FAA755824073FBB00CB3C73 /* UserThresholdPower.swift in Sources */ = {isa = PBXBuildFile; fileRef = 0FAA755724073FBB00CB3C73 /* UserThresholdPower.swift */; };
		0FAA755C24074F2E00CB3C73 /* OAuthToken.swift in Sources */ = {isa = PBXBuildFile; fileRef = 0FAA755B24074F2E00CB3C73 /* OAuthToken.swift */; };
		0FAA75602407531900CB3C73 /* OAuthTokenAlt.swift in Sources */ = {isa = PBXBuildFile; fileRef = 0FAA755F2407531900CB3C73 /* OAuthTokenAlt.swift */; };
		0FAA75642408E56E00CB3C73 /* StringEncodedBody.swift in Sources */ = {isa = PBXBuildFile; fileRef = 0FAA75632408E56E00CB3C73 /* StringEncodedBody.swift */; };
		0FAA7566240CA34300CB3C73 /* LoginRequest.swift in Sources */ = {isa = PBXBuildFile; fileRef = 0FAA7565240CA34300CB3C73 /* LoginRequest.swift */; };
		0FAA7568240CB88600CB3C73 /* NewPassword.swift in Sources */ = {isa = PBXBuildFile; fileRef = 0FAA7567240CB88600CB3C73 /* NewPassword.swift */; };
		0FB27F3D24060BFA00D7991B /* UserWorkoutResultBike.swift in Sources */ = {isa = PBXBuildFile; fileRef = 0FB27F3C24060BFA00D7991B /* UserWorkoutResultBike.swift */; };
		0FB27F3F2406324900D7991B /* LoginResponse.swift in Sources */ = {isa = PBXBuildFile; fileRef = 0FB27F3E2406324900D7991B /* LoginResponse.swift */; };
		0FB27F41240634B900D7991B /* Roles.swift in Sources */ = {isa = PBXBuildFile; fileRef = 0FB27F40240634B900D7991B /* Roles.swift */; };
		0FB27F442406389C00D7991B /* Company.swift in Sources */ = {isa = PBXBuildFile; fileRef = 0FB27F432406389C00D7991B /* Company.swift */; };
		A10AB213237D0B5100EBAC66 /* UserHeadunit.swift in Sources */ = {isa = PBXBuildFile; fileRef = A10AB212237D0B5100EBAC66 /* UserHeadunit.swift */; };
		A10AB215237D0C9400EBAC66 /* UserIntensityZone.swift in Sources */ = {isa = PBXBuildFile; fileRef = A10AB214237D0C9400EBAC66 /* UserIntensityZone.swift */; };
		A10AB217237D0D0000EBAC66 /* UserIntensityZoneRange.swift in Sources */ = {isa = PBXBuildFile; fileRef = A10AB216237D0D0000EBAC66 /* UserIntensityZoneRange.swift */; };
		A10AB219237D0E9600EBAC66 /* UserPowerMeter.swift in Sources */ = {isa = PBXBuildFile; fileRef = A10AB218237D0E9600EBAC66 /* UserPowerMeter.swift */; };
		A10AB21B237D110200EBAC66 /* UserWorkoutDetails.swift in Sources */ = {isa = PBXBuildFile; fileRef = A10AB21A237D110200EBAC66 /* UserWorkoutDetails.swift */; };
		A10AB21D237D15CB00EBAC66 /* ActivityResultType.swift in Sources */ = {isa = PBXBuildFile; fileRef = A10AB21C237D15CB00EBAC66 /* ActivityResultType.swift */; };
		A10AB21F237D161900EBAC66 /* ActivityType.swift in Sources */ = {isa = PBXBuildFile; fileRef = A10AB21E237D161900EBAC66 /* ActivityType.swift */; };
		A10AB221237D174C00EBAC66 /* UserWorkoutResult.swift in Sources */ = {isa = PBXBuildFile; fileRef = A10AB220237D174C00EBAC66 /* UserWorkoutResult.swift */; };
		A10AB22A237D341900EBAC66 /* UserRoute.swift in Sources */ = {isa = PBXBuildFile; fileRef = A10AB226237D341900EBAC66 /* UserRoute.swift */; };
		A10AB22B237D341900EBAC66 /* UserRouteOutputType.swift in Sources */ = {isa = PBXBuildFile; fileRef = A10AB227237D341900EBAC66 /* UserRouteOutputType.swift */; };
		A10AB22C237D341900EBAC66 /* UserRouteVisibilityMask.swift in Sources */ = {isa = PBXBuildFile; fileRef = A10AB228237D341900EBAC66 /* UserRouteVisibilityMask.swift */; };
		A10AB22D237D341900EBAC66 /* UserRouteSearch.swift in Sources */ = {isa = PBXBuildFile; fileRef = A10AB229237D341900EBAC66 /* UserRouteSearch.swift */; };
		A10AB238237E147E00EBAC66 /* UserWorkoutResultTurbo.swift in Sources */ = {isa = PBXBuildFile; fileRef = A10AB22E237E147D00EBAC66 /* UserWorkoutResultTurbo.swift */; };
		A10AB23A237E147E00EBAC66 /* UserWorkoutResultByHour.swift in Sources */ = {isa = PBXBuildFile; fileRef = A10AB230237E147D00EBAC66 /* UserWorkoutResultByHour.swift */; };
		A10AB23B237E147E00EBAC66 /* UserWorkoutResultPeakPace.swift in Sources */ = {isa = PBXBuildFile; fileRef = A10AB231237E147D00EBAC66 /* UserWorkoutResultPeakPace.swift */; };
		A10AB23C237E147E00EBAC66 /* UserWorkoutResultExt.swift in Sources */ = {isa = PBXBuildFile; fileRef = A10AB232237E147D00EBAC66 /* UserWorkoutResultExt.swift */; };
		A10AB23D237E147E00EBAC66 /* UserWorkoutResultChannel.swift in Sources */ = {isa = PBXBuildFile; fileRef = A10AB233237E147D00EBAC66 /* UserWorkoutResultChannel.swift */; };
		A10AB23E237E147E00EBAC66 /* UserWorkoutResultPeakLss.swift in Sources */ = {isa = PBXBuildFile; fileRef = A10AB234237E147D00EBAC66 /* UserWorkoutResultPeakLss.swift */; };
		A10AB23F237E147E00EBAC66 /* UserWorkoutResultRating.swift in Sources */ = {isa = PBXBuildFile; fileRef = A10AB235237E147D00EBAC66 /* UserWorkoutResultRating.swift */; };
		A10AB240237E147E00EBAC66 /* UserWorkoutResultAlt.swift in Sources */ = {isa = PBXBuildFile; fileRef = A10AB236237E147D00EBAC66 /* UserWorkoutResultAlt.swift */; };
		A10AB241237E147E00EBAC66 /* UserWorkoutResultExt2.swift in Sources */ = {isa = PBXBuildFile; fileRef = A10AB237237E147E00EBAC66 /* UserWorkoutResultExt2.swift */; };
		A10AB242237E163900EBAC66 /* Bundle.swift in Sources */ = {isa = PBXBuildFile; fileRef = A1EBDADC237A241100834B21 /* Bundle.swift */; };
		A1219C6A237A13BC00B6E80B /* DataFileUploadIndex.swift in Sources */ = {isa = PBXBuildFile; fileRef = A1219C69237A13BC00B6E80B /* DataFileUploadIndex.swift */; };
		A124B0D62373D9470000919C /* UsersViewTests.swift in Sources */ = {isa = PBXBuildFile; fileRef = A124B0D52373D9470000919C /* UsersViewTests.swift */; };
		A124B0D92373E33A0000919C /* TestHTTPClientURLSession.swift in Sources */ = {isa = PBXBuildFile; fileRef = A124B0D82373E33A0000919C /* TestHTTPClientURLSession.swift */; };
		A167D6C723821FD900507276 /* SearchInputReport.swift in Sources */ = {isa = PBXBuildFile; fileRef = A167D6C623821FD900507276 /* SearchInputReport.swift */; };
		A167D6CA23823D6500507276 /* DateRangeTests.swift in Sources */ = {isa = PBXBuildFile; fileRef = A167D6C823823CF400507276 /* DateRangeTests.swift */; };
		A167D6CC238252CE00507276 /* RoutesView.swift in Sources */ = {isa = PBXBuildFile; fileRef = A167D6CB238252CE00507276 /* RoutesView.swift */; };
		A167D6D123838F0000507276 /* HTTPClientPerformRequestTests.swift in Sources */ = {isa = PBXBuildFile; fileRef = A167D6D023838F0000507276 /* HTTPClientPerformRequestTests.swift */; };
		A167D6D32383D21600507276 /* XCTestCase.swift in Sources */ = {isa = PBXBuildFile; fileRef = A167D6D22383D21600507276 /* XCTestCase.swift */; };
		A167D6D52383DBAB00507276 /* HTTPClientUploadRequestTests.swift in Sources */ = {isa = PBXBuildFile; fileRef = A167D6D42383DBAB00507276 /* HTTPClientUploadRequestTests.swift */; };
		A1713CBD238609B20084BDDC /* RequestEndpointTests.swift in Sources */ = {isa = PBXBuildFile; fileRef = A1713CBB2386060F0084BDDC /* RequestEndpointTests.swift */; };
		A1713CBF238642C40084BDDC /* URLEncodedBodyTests.swift in Sources */ = {isa = PBXBuildFile; fileRef = A1713CBE238642C40084BDDC /* URLEncodedBodyTests.swift */; };
		A1713CC12387435E0084BDDC /* OAuthViewTests.swift in Sources */ = {isa = PBXBuildFile; fileRef = A1713CC02387435E0084BDDC /* OAuthViewTests.swift */; };
		A182D1B42372AB0500112501 /* Zone5.swift in Sources */ = {isa = PBXBuildFile; fileRef = A182D1B32372AB0500112501 /* Zone5.swift */; };
		A182D1CC2372AB0F00112501 /* RequestEndpoint.swift in Sources */ = {isa = PBXBuildFile; fileRef = A182D1B62372AB0E00112501 /* RequestEndpoint.swift */; };
		A182D1CD2372AB0F00112501 /* URLEncodedBody.swift in Sources */ = {isa = PBXBuildFile; fileRef = A182D1B72372AB0E00112501 /* URLEncodedBody.swift */; };
		A182D1CE2372AB0F00112501 /* JSONEncodedBody.swift in Sources */ = {isa = PBXBuildFile; fileRef = A182D1B82372AB0E00112501 /* JSONEncodedBody.swift */; };
		A182D1CF2372AB0F00112501 /* RequestBody.swift in Sources */ = {isa = PBXBuildFile; fileRef = A182D1B92372AB0E00112501 /* RequestBody.swift */; };
		A182D1D02372AB0F00112501 /* HTTPClient.swift in Sources */ = {isa = PBXBuildFile; fileRef = A182D1BA2372AB0E00112501 /* HTTPClient.swift */; };
		A182D1D12372AB0F00112501 /* Request.swift in Sources */ = {isa = PBXBuildFile; fileRef = A182D1BB2372AB0E00112501 /* Request.swift */; };
		A182D1D32372AB0F00112501 /* ActivitiesView.swift in Sources */ = {isa = PBXBuildFile; fileRef = A182D1BE2372AB0F00112501 /* ActivitiesView.swift */; };
		A182D1D42372AB0F00112501 /* View.swift in Sources */ = {isa = PBXBuildFile; fileRef = A182D1BF2372AB0F00112501 /* View.swift */; };
		A182D1D52372AB0F00112501 /* UsersView.swift in Sources */ = {isa = PBXBuildFile; fileRef = A182D1C02372AB0F00112501 /* UsersView.swift */; };
		A182D1D62372AB0F00112501 /* OAuthView.swift in Sources */ = {isa = PBXBuildFile; fileRef = A182D1C12372AB0F00112501 /* OAuthView.swift */; };
		A182D1D72372AB0F00112501 /* SearchInput.swift in Sources */ = {isa = PBXBuildFile; fileRef = A182D1C32372AB0F00112501 /* SearchInput.swift */; };
		A182D1D82372AB0F00112501 /* UserWorkoutFileSearch.swift in Sources */ = {isa = PBXBuildFile; fileRef = A182D1C42372AB0F00112501 /* UserWorkoutFileSearch.swift */; };
		A182D1D92372AB0F00112501 /* AccessToken.swift in Sources */ = {isa = PBXBuildFile; fileRef = A182D1C52372AB0F00112501 /* AccessToken.swift */; };
		A182D1DA2372AB0F00112501 /* Order.swift in Sources */ = {isa = PBXBuildFile; fileRef = A182D1C62372AB0F00112501 /* Order.swift */; };
		A182D1DB2372AB0F00112501 /* SearchResult.swift in Sources */ = {isa = PBXBuildFile; fileRef = A182D1C72372AB0F00112501 /* SearchResult.swift */; };
		A182D1DC2372AB0F00112501 /* User.swift in Sources */ = {isa = PBXBuildFile; fileRef = A182D1C82372AB0F00112501 /* User.swift */; };
		A182D1DD2372AB0F00112501 /* Activity.swift in Sources */ = {isa = PBXBuildFile; fileRef = A182D1C92372AB0F00112501 /* Activity.swift */; };
		A182D1DE2372AB0F00112501 /* WorkoutType.swift in Sources */ = {isa = PBXBuildFile; fileRef = A182D1CA2372AB0F00112501 /* WorkoutType.swift */; };
		A182D1DF2372AB0F00112501 /* DateRange.swift in Sources */ = {isa = PBXBuildFile; fileRef = A182D1CB2372AB0F00112501 /* DateRange.swift */; };
		A18762112373EB1600893CFF /* Result.swift in Sources */ = {isa = PBXBuildFile; fileRef = A18762102373EB1600893CFF /* Result.swift */; };
		A18762132374FB1800893CFF /* KeyValueStore.swift in Sources */ = {isa = PBXBuildFile; fileRef = A18762122374FB1800893CFF /* KeyValueStore.swift */; };
		A18A52A4234C2D210016DDA5 /* AppDelegate.swift in Sources */ = {isa = PBXBuildFile; fileRef = A18A52A3234C2D210016DDA5 /* AppDelegate.swift */; };
		A18A52A6234C2D210016DDA5 /* SceneDelegate.swift in Sources */ = {isa = PBXBuildFile; fileRef = A18A52A5234C2D210016DDA5 /* SceneDelegate.swift */; };
		A18A52AA234C2D220016DDA5 /* Assets.xcassets in Resources */ = {isa = PBXBuildFile; fileRef = A18A52A9234C2D220016DDA5 /* Assets.xcassets */; };
		A18A52B0234C2D220016DDA5 /* LaunchScreen.storyboard in Resources */ = {isa = PBXBuildFile; fileRef = A18A52AE234C2D220016DDA5 /* LaunchScreen.storyboard */; };
		A190FFE123791C890059561D /* EndpointController.swift in Sources */ = {isa = PBXBuildFile; fileRef = A190FFE023791C890059561D /* EndpointController.swift */; };
		A190FFE5237938420059561D /* DataFileUploadContext.swift in Sources */ = {isa = PBXBuildFile; fileRef = A190FFE4237938420059561D /* DataFileUploadContext.swift */; };
		A190FFE9237938D80059561D /* DayRange.swift in Sources */ = {isa = PBXBuildFile; fileRef = A190FFE8237938D80059561D /* DayRange.swift */; };
		A196032623793DD000CEB121 /* SearchResultTests.swift in Sources */ = {isa = PBXBuildFile; fileRef = A196032523793DD000CEB121 /* SearchResultTests.swift */; };
		A196032A237940BD00CEB121 /* Development Assets in Resources */ = {isa = PBXBuildFile; fileRef = A190FFE2237937910059561D /* Development Assets */; };
		A196032F2379445D00CEB121 /* RequestTests.swift in Sources */ = {isa = PBXBuildFile; fileRef = A196032D2379445200CEB121 /* RequestTests.swift */; };
		A196033123794AE100CEB121 /* DataAccessRequest.swift in Sources */ = {isa = PBXBuildFile; fileRef = A196033023794AE100CEB121 /* DataAccessRequest.swift */; };
		A196033323794B4600CEB121 /* DataFileChannel.swift in Sources */ = {isa = PBXBuildFile; fileRef = A196033223794B4600CEB121 /* DataFileChannel.swift */; };
		A196033523794C4B00CEB121 /* Equipment.swift in Sources */ = {isa = PBXBuildFile; fileRef = A196033423794C4B00CEB121 /* Equipment.swift */; };
		A196033723794CCD00CEB121 /* EventTarget.swift in Sources */ = {isa = PBXBuildFile; fileRef = A196033623794CCD00CEB121 /* EventTarget.swift */; };
		A196033923794D4600CEB121 /* EventTeamCategory.swift in Sources */ = {isa = PBXBuildFile; fileRef = A196033823794D4600CEB121 /* EventTeamCategory.swift */; };
		A196033B23794D7B00CEB121 /* FileUploadState.swift in Sources */ = {isa = PBXBuildFile; fileRef = A196033A23794D7B00CEB121 /* FileUploadState.swift */; };
		A196035023794DD200CEB121 /* ResultReview.swift in Sources */ = {isa = PBXBuildFile; fileRef = A196033C23794DD000CEB121 /* ResultReview.swift */; };
		A196035123794DD200CEB121 /* IntensityZoneType.swift in Sources */ = {isa = PBXBuildFile; fileRef = A196033D23794DD000CEB121 /* IntensityZoneType.swift */; };
		A196035223794DD200CEB121 /* RunType.swift in Sources */ = {isa = PBXBuildFile; fileRef = A196033E23794DD000CEB121 /* RunType.swift */; };
		A196035323794DD200CEB121 /* LapType.swift in Sources */ = {isa = PBXBuildFile; fileRef = A196033F23794DD000CEB121 /* LapType.swift */; };
		A196035423794DD200CEB121 /* UserConnectionsType.swift in Sources */ = {isa = PBXBuildFile; fileRef = A196034023794DD000CEB121 /* UserConnectionsType.swift */; };
		A196035523794DD200CEB121 /* PowerThresholdType.swift in Sources */ = {isa = PBXBuildFile; fileRef = A196034123794DD000CEB121 /* PowerThresholdType.swift */; };
		A196035723794DD200CEB121 /* MappedFieldType.swift in Sources */ = {isa = PBXBuildFile; fileRef = A196034323794DD000CEB121 /* MappedFieldType.swift */; };
		A196035823794DD200CEB121 /* RelativePeriod.swift in Sources */ = {isa = PBXBuildFile; fileRef = A196034423794DD100CEB121 /* RelativePeriod.swift */; };
		A196035923794DD200CEB121 /* UserWorkoutFailedReason.swift in Sources */ = {isa = PBXBuildFile; fileRef = A196034523794DD100CEB121 /* UserWorkoutFailedReason.swift */; };
		A196035B23794DD200CEB121 /* UnitMeasurement.swift in Sources */ = {isa = PBXBuildFile; fileRef = A196034723794DD100CEB121 /* UnitMeasurement.swift */; };
		A196035C23794DD200CEB121 /* UserDelegateState.swift in Sources */ = {isa = PBXBuildFile; fileRef = A196034823794DD100CEB121 /* UserDelegateState.swift */; };
		A196035D23794DD200CEB121 /* TScoreType.swift in Sources */ = {isa = PBXBuildFile; fileRef = A196034923794DD100CEB121 /* TScoreType.swift */; };
		A196035E23794DD200CEB121 /* UserWorkoutState.swift in Sources */ = {isa = PBXBuildFile; fileRef = A196034A23794DD100CEB121 /* UserWorkoutState.swift */; };
		A196035F23794DD200CEB121 /* TimeOfDay.swift in Sources */ = {isa = PBXBuildFile; fileRef = A196034B23794DD100CEB121 /* TimeOfDay.swift */; };
		A196036023794DD200CEB121 /* ResultSource.swift in Sources */ = {isa = PBXBuildFile; fileRef = A196034C23794DD100CEB121 /* ResultSource.swift */; };
		A196036123794DD200CEB121 /* Terrain.swift in Sources */ = {isa = PBXBuildFile; fileRef = A196034D23794DD100CEB121 /* Terrain.swift */; };
		A196036223794DD200CEB121 /* UserDelegateRelationship.swift in Sources */ = {isa = PBXBuildFile; fileRef = A196034E23794DD100CEB121 /* UserDelegateRelationship.swift */; };
		A196036323794DD200CEB121 /* SwimType.swift in Sources */ = {isa = PBXBuildFile; fileRef = A196034F23794DD100CEB121 /* SwimType.swift */; };
		A1BF294B2387612500CFC458 /* Milliseconds.swift in Sources */ = {isa = PBXBuildFile; fileRef = A1BF294A2387612500CFC458 /* Milliseconds.swift */; };
		A1BF294E2387883E00CFC458 /* MillisecondsTests.swift in Sources */ = {isa = PBXBuildFile; fileRef = A1BF294C2387883E00CFC458 /* MillisecondsTests.swift */; };
		A1C28C64238B8BE000E67B05 /* Indirect.swift in Sources */ = {isa = PBXBuildFile; fileRef = A1C28C63238B8BE000E67B05 /* Indirect.swift */; };
		A1C42B6623850CF2004E33B9 /* HTTPClientDownloadRequestTests.swift in Sources */ = {isa = PBXBuildFile; fileRef = A1C42B6523850CF2004E33B9 /* HTTPClientDownloadRequestTests.swift */; };
		A1D31CCD2375274800A54922 /* ObjectView.swift in Sources */ = {isa = PBXBuildFile; fileRef = A1D31CCC2375274800A54922 /* ObjectView.swift */; };
		A1EBDAD7237A1DE800834B21 /* MultipartEncodedBody.swift in Sources */ = {isa = PBXBuildFile; fileRef = A1EBDAD6237A1DE800834B21 /* MultipartEncodedBody.swift */; };
		A1EBDADA237A22ED00834B21 /* MultipartEncodedBodyTests.swift in Sources */ = {isa = PBXBuildFile; fileRef = A1EBDAD8237A21DD00834B21 /* MultipartEncodedBodyTests.swift */; };
		A1EBDADB237A236D00834B21 /* Development Assets in Resources */ = {isa = PBXBuildFile; fileRef = A190FFE2237937910059561D /* Development Assets */; };
		A1EBDADE237A241100834B21 /* Bundle.swift in Sources */ = {isa = PBXBuildFile; fileRef = A1EBDADC237A241100834B21 /* Bundle.swift */; };
		A1ED40902362DA14001495B2 /* EndpointLink.swift in Sources */ = {isa = PBXBuildFile; fileRef = A1ED40892362DA14001495B2 /* EndpointLink.swift */; };
		A1ED40922362DA14001495B2 /* ConfigurationView.swift in Sources */ = {isa = PBXBuildFile; fileRef = A1ED408B2362DA14001495B2 /* ConfigurationView.swift */; };
		A1ED40932362DA14001495B2 /* EndpointView.swift in Sources */ = {isa = PBXBuildFile; fileRef = A1ED408C2362DA14001495B2 /* EndpointView.swift */; };
		A1ED40942362DA14001495B2 /* ContentView.swift in Sources */ = {isa = PBXBuildFile; fileRef = A1ED408D2362DA14001495B2 /* ContentView.swift */; };
		A1ED40952362DA14001495B2 /* ActivityIndicator.swift in Sources */ = {isa = PBXBuildFile; fileRef = A1ED408E2362DA14001495B2 /* ActivityIndicator.swift */; };
		A1F058EB2372A3840034C7D0 /* Zone5.framework in Frameworks */ = {isa = PBXBuildFile; fileRef = A1F058E22372A3840034C7D0 /* Zone5.framework */; };
		A1F058F22372A3840034C7D0 /* Zone5Tests.swift in Sources */ = {isa = PBXBuildFile; fileRef = A1F058F12372A3840034C7D0 /* Zone5Tests.swift */; };
		A1F058F42372A3840034C7D0 /* Zone5.h in Headers */ = {isa = PBXBuildFile; fileRef = A1F058E42372A3840034C7D0 /* Zone5.h */; settings = {ATTRIBUTES = (Public, ); }; };
		A1F058F72372A3840034C7D0 /* Zone5.framework in Frameworks */ = {isa = PBXBuildFile; fileRef = A1F058E22372A3840034C7D0 /* Zone5.framework */; };
		A1F058F82372A3840034C7D0 /* Zone5.framework in Embed Frameworks */ = {isa = PBXBuildFile; fileRef = A1F058E22372A3840034C7D0 /* Zone5.framework */; settings = {ATTRIBUTES = (CodeSignOnCopy, RemoveHeadersOnCopy, ); }; };
		A1F059062372A4B60034C7D0 /* XCTestManifests.swift in Sources */ = {isa = PBXBuildFile; fileRef = A1F059032372A4B60034C7D0 /* XCTestManifests.swift */; };
/* End PBXBuildFile section */

/* Begin PBXContainerItemProxy section */
		A1F058EC2372A3840034C7D0 /* PBXContainerItemProxy */ = {
			isa = PBXContainerItemProxy;
			containerPortal = A18A5298234C2D210016DDA5 /* Project object */;
			proxyType = 1;
			remoteGlobalIDString = A1F058E12372A3840034C7D0;
			remoteInfo = Zone5;
		};
		A1F058F52372A3840034C7D0 /* PBXContainerItemProxy */ = {
			isa = PBXContainerItemProxy;
			containerPortal = A18A5298234C2D210016DDA5 /* Project object */;
			proxyType = 1;
			remoteGlobalIDString = A1F058E12372A3840034C7D0;
			remoteInfo = Zone5;
		};
/* End PBXContainerItemProxy section */

/* Begin PBXCopyFilesBuildPhase section */
		A1F058F92372A3840034C7D0 /* Embed Frameworks */ = {
			isa = PBXCopyFilesBuildPhase;
			buildActionMask = 2147483647;
			dstPath = "";
			dstSubfolderSpec = 10;
			files = (
				A1F058F82372A3840034C7D0 /* Zone5.framework in Embed Frameworks */,
			);
			name = "Embed Frameworks";
			runOnlyForDeploymentPostprocessing = 0;
		};
/* End PBXCopyFilesBuildPhase section */

/* Begin PBXFileReference section */
		0F903483240692AA00051277 /* VoidReply.swift */ = {isa = PBXFileReference; lastKnownFileType = sourcecode.swift; path = VoidReply.swift; sourceTree = "<group>"; };
		0F95EB5624637DD2000B859D /* PendingRequest.swift */ = {isa = PBXFileReference; lastKnownFileType = sourcecode.swift; path = PendingRequest.swift; sourceTree = "<group>"; };
		0F9D70FD2445723E0053C6FD /* MetricsView.swift */ = {isa = PBXFileReference; lastKnownFileType = sourcecode.swift; path = MetricsView.swift; sourceTree = "<group>"; };
		0F9D710124458EBD0053C6FD /* MetricsViewTests.swift */ = {isa = PBXFileReference; lastKnownFileType = sourcecode.swift; path = MetricsViewTests.swift; sourceTree = "<group>"; };
		0FA1F1B5242AECB5005AD490 /* UsersPreferences.swift */ = {isa = PBXFileReference; lastKnownFileType = sourcecode.swift; path = UsersPreferences.swift; sourceTree = "<group>"; };
		0FAA754F2407350E00CB3C73 /* RegisterUser.swift */ = {isa = PBXFileReference; lastKnownFileType = sourcecode.swift; path = RegisterUser.swift; sourceTree = "<group>"; };
		0FAA75532407374B00CB3C73 /* UserThresholdHeart.swift */ = {isa = PBXFileReference; lastKnownFileType = sourcecode.swift; path = UserThresholdHeart.swift; sourceTree = "<group>"; };
		0FAA75552407383200CB3C73 /* UserThresholdPace.swift */ = {isa = PBXFileReference; lastKnownFileType = sourcecode.swift; path = UserThresholdPace.swift; sourceTree = "<group>"; };
		0FAA755724073FBB00CB3C73 /* UserThresholdPower.swift */ = {isa = PBXFileReference; lastKnownFileType = sourcecode.swift; path = UserThresholdPower.swift; sourceTree = "<group>"; };
		0FAA755B24074F2E00CB3C73 /* OAuthToken.swift */ = {isa = PBXFileReference; lastKnownFileType = sourcecode.swift; path = OAuthToken.swift; sourceTree = "<group>"; };
		0FAA755F2407531900CB3C73 /* OAuthTokenAlt.swift */ = {isa = PBXFileReference; lastKnownFileType = sourcecode.swift; path = OAuthTokenAlt.swift; sourceTree = "<group>"; };
		0FAA75632408E56E00CB3C73 /* StringEncodedBody.swift */ = {isa = PBXFileReference; lastKnownFileType = sourcecode.swift; path = StringEncodedBody.swift; sourceTree = "<group>"; };
		0FAA7565240CA34300CB3C73 /* LoginRequest.swift */ = {isa = PBXFileReference; lastKnownFileType = sourcecode.swift; path = LoginRequest.swift; sourceTree = "<group>"; };
		0FAA7567240CB88600CB3C73 /* NewPassword.swift */ = {isa = PBXFileReference; lastKnownFileType = sourcecode.swift; path = NewPassword.swift; sourceTree = "<group>"; };
		0FB27F3C24060BFA00D7991B /* UserWorkoutResultBike.swift */ = {isa = PBXFileReference; lastKnownFileType = sourcecode.swift; path = UserWorkoutResultBike.swift; sourceTree = "<group>"; };
		0FB27F3E2406324900D7991B /* LoginResponse.swift */ = {isa = PBXFileReference; lastKnownFileType = sourcecode.swift; path = LoginResponse.swift; sourceTree = "<group>"; };
		0FB27F40240634B900D7991B /* Roles.swift */ = {isa = PBXFileReference; lastKnownFileType = sourcecode.swift; path = Roles.swift; sourceTree = "<group>"; };
		0FB27F432406389C00D7991B /* Company.swift */ = {isa = PBXFileReference; lastKnownFileType = sourcecode.swift; path = Company.swift; sourceTree = "<group>"; };
		A10AB212237D0B5100EBAC66 /* UserHeadunit.swift */ = {isa = PBXFileReference; lastKnownFileType = sourcecode.swift; path = UserHeadunit.swift; sourceTree = "<group>"; };
		A10AB214237D0C9400EBAC66 /* UserIntensityZone.swift */ = {isa = PBXFileReference; lastKnownFileType = sourcecode.swift; path = UserIntensityZone.swift; sourceTree = "<group>"; };
		A10AB216237D0D0000EBAC66 /* UserIntensityZoneRange.swift */ = {isa = PBXFileReference; lastKnownFileType = sourcecode.swift; path = UserIntensityZoneRange.swift; sourceTree = "<group>"; };
		A10AB218237D0E9600EBAC66 /* UserPowerMeter.swift */ = {isa = PBXFileReference; lastKnownFileType = sourcecode.swift; path = UserPowerMeter.swift; sourceTree = "<group>"; };
		A10AB21A237D110200EBAC66 /* UserWorkoutDetails.swift */ = {isa = PBXFileReference; lastKnownFileType = sourcecode.swift; path = UserWorkoutDetails.swift; sourceTree = "<group>"; };
		A10AB21C237D15CB00EBAC66 /* ActivityResultType.swift */ = {isa = PBXFileReference; lastKnownFileType = sourcecode.swift; path = ActivityResultType.swift; sourceTree = "<group>"; };
		A10AB21E237D161900EBAC66 /* ActivityType.swift */ = {isa = PBXFileReference; lastKnownFileType = sourcecode.swift; path = ActivityType.swift; sourceTree = "<group>"; };
		A10AB220237D174C00EBAC66 /* UserWorkoutResult.swift */ = {isa = PBXFileReference; lastKnownFileType = sourcecode.swift; path = UserWorkoutResult.swift; sourceTree = "<group>"; };
		A10AB224237D1CEB00EBAC66 /* ConvertFromJava.swift */ = {isa = PBXFileReference; lastKnownFileType = sourcecode.swift; path = ConvertFromJava.swift; sourceTree = "<group>"; };
		A10AB226237D341900EBAC66 /* UserRoute.swift */ = {isa = PBXFileReference; fileEncoding = 4; lastKnownFileType = sourcecode.swift; path = UserRoute.swift; sourceTree = "<group>"; };
		A10AB227237D341900EBAC66 /* UserRouteOutputType.swift */ = {isa = PBXFileReference; fileEncoding = 4; lastKnownFileType = sourcecode.swift; path = UserRouteOutputType.swift; sourceTree = "<group>"; };
		A10AB228237D341900EBAC66 /* UserRouteVisibilityMask.swift */ = {isa = PBXFileReference; fileEncoding = 4; lastKnownFileType = sourcecode.swift; path = UserRouteVisibilityMask.swift; sourceTree = "<group>"; };
		A10AB229237D341900EBAC66 /* UserRouteSearch.swift */ = {isa = PBXFileReference; fileEncoding = 4; lastKnownFileType = sourcecode.swift; path = UserRouteSearch.swift; sourceTree = "<group>"; };
		A10AB22E237E147D00EBAC66 /* UserWorkoutResultTurbo.swift */ = {isa = PBXFileReference; fileEncoding = 4; lastKnownFileType = sourcecode.swift; path = UserWorkoutResultTurbo.swift; sourceTree = "<group>"; };
		A10AB230237E147D00EBAC66 /* UserWorkoutResultByHour.swift */ = {isa = PBXFileReference; fileEncoding = 4; lastKnownFileType = sourcecode.swift; path = UserWorkoutResultByHour.swift; sourceTree = "<group>"; };
		A10AB231237E147D00EBAC66 /* UserWorkoutResultPeakPace.swift */ = {isa = PBXFileReference; fileEncoding = 4; lastKnownFileType = sourcecode.swift; path = UserWorkoutResultPeakPace.swift; sourceTree = "<group>"; };
		A10AB232237E147D00EBAC66 /* UserWorkoutResultExt.swift */ = {isa = PBXFileReference; fileEncoding = 4; lastKnownFileType = sourcecode.swift; path = UserWorkoutResultExt.swift; sourceTree = "<group>"; };
		A10AB233237E147D00EBAC66 /* UserWorkoutResultChannel.swift */ = {isa = PBXFileReference; fileEncoding = 4; lastKnownFileType = sourcecode.swift; path = UserWorkoutResultChannel.swift; sourceTree = "<group>"; };
		A10AB234237E147D00EBAC66 /* UserWorkoutResultPeakLss.swift */ = {isa = PBXFileReference; fileEncoding = 4; lastKnownFileType = sourcecode.swift; path = UserWorkoutResultPeakLss.swift; sourceTree = "<group>"; };
		A10AB235237E147D00EBAC66 /* UserWorkoutResultRating.swift */ = {isa = PBXFileReference; fileEncoding = 4; lastKnownFileType = sourcecode.swift; path = UserWorkoutResultRating.swift; sourceTree = "<group>"; };
		A10AB236237E147D00EBAC66 /* UserWorkoutResultAlt.swift */ = {isa = PBXFileReference; fileEncoding = 4; lastKnownFileType = sourcecode.swift; path = UserWorkoutResultAlt.swift; sourceTree = "<group>"; };
		A10AB237237E147E00EBAC66 /* UserWorkoutResultExt2.swift */ = {isa = PBXFileReference; fileEncoding = 4; lastKnownFileType = sourcecode.swift; path = UserWorkoutResultExt2.swift; sourceTree = "<group>"; };
		A1219C69237A13BC00B6E80B /* DataFileUploadIndex.swift */ = {isa = PBXFileReference; lastKnownFileType = sourcecode.swift; path = DataFileUploadIndex.swift; sourceTree = "<group>"; };
		A124B0D52373D9470000919C /* UsersViewTests.swift */ = {isa = PBXFileReference; lastKnownFileType = sourcecode.swift; path = UsersViewTests.swift; sourceTree = "<group>"; };
		A124B0D82373E33A0000919C /* TestHTTPClientURLSession.swift */ = {isa = PBXFileReference; lastKnownFileType = sourcecode.swift; path = TestHTTPClientURLSession.swift; sourceTree = "<group>"; };
		A12D82482362B5FA00C6EA34 /* Example.entitlements */ = {isa = PBXFileReference; lastKnownFileType = text.plist.entitlements; path = Example.entitlements; sourceTree = "<group>"; };
		A167D6C623821FD900507276 /* SearchInputReport.swift */ = {isa = PBXFileReference; fileEncoding = 4; lastKnownFileType = sourcecode.swift; path = SearchInputReport.swift; sourceTree = "<group>"; };
		A167D6C823823CF400507276 /* DateRangeTests.swift */ = {isa = PBXFileReference; lastKnownFileType = sourcecode.swift; path = DateRangeTests.swift; sourceTree = "<group>"; };
		A167D6CB238252CE00507276 /* RoutesView.swift */ = {isa = PBXFileReference; lastKnownFileType = sourcecode.swift; path = RoutesView.swift; sourceTree = "<group>"; };
		A167D6D023838F0000507276 /* HTTPClientPerformRequestTests.swift */ = {isa = PBXFileReference; lastKnownFileType = sourcecode.swift; path = HTTPClientPerformRequestTests.swift; sourceTree = "<group>"; };
		A167D6D22383D21600507276 /* XCTestCase.swift */ = {isa = PBXFileReference; lastKnownFileType = sourcecode.swift; path = XCTestCase.swift; sourceTree = "<group>"; };
		A167D6D42383DBAB00507276 /* HTTPClientUploadRequestTests.swift */ = {isa = PBXFileReference; lastKnownFileType = sourcecode.swift; path = HTTPClientUploadRequestTests.swift; sourceTree = "<group>"; };
		A1713CBB2386060F0084BDDC /* RequestEndpointTests.swift */ = {isa = PBXFileReference; lastKnownFileType = sourcecode.swift; path = RequestEndpointTests.swift; sourceTree = "<group>"; };
		A1713CBE238642C40084BDDC /* URLEncodedBodyTests.swift */ = {isa = PBXFileReference; lastKnownFileType = sourcecode.swift; path = URLEncodedBodyTests.swift; sourceTree = "<group>"; };
		A1713CC02387435E0084BDDC /* OAuthViewTests.swift */ = {isa = PBXFileReference; lastKnownFileType = sourcecode.swift; path = OAuthViewTests.swift; sourceTree = "<group>"; };
		A182D1B32372AB0500112501 /* Zone5.swift */ = {isa = PBXFileReference; fileEncoding = 4; lastKnownFileType = sourcecode.swift; path = Zone5.swift; sourceTree = "<group>"; };
		A182D1B62372AB0E00112501 /* RequestEndpoint.swift */ = {isa = PBXFileReference; fileEncoding = 4; lastKnownFileType = sourcecode.swift; path = RequestEndpoint.swift; sourceTree = "<group>"; };
		A182D1B72372AB0E00112501 /* URLEncodedBody.swift */ = {isa = PBXFileReference; fileEncoding = 4; lastKnownFileType = sourcecode.swift; path = URLEncodedBody.swift; sourceTree = "<group>"; };
		A182D1B82372AB0E00112501 /* JSONEncodedBody.swift */ = {isa = PBXFileReference; fileEncoding = 4; lastKnownFileType = sourcecode.swift; path = JSONEncodedBody.swift; sourceTree = "<group>"; };
		A182D1B92372AB0E00112501 /* RequestBody.swift */ = {isa = PBXFileReference; fileEncoding = 4; lastKnownFileType = sourcecode.swift; path = RequestBody.swift; sourceTree = "<group>"; };
		A182D1BA2372AB0E00112501 /* HTTPClient.swift */ = {isa = PBXFileReference; fileEncoding = 4; lastKnownFileType = sourcecode.swift; path = HTTPClient.swift; sourceTree = "<group>"; };
		A182D1BB2372AB0E00112501 /* Request.swift */ = {isa = PBXFileReference; fileEncoding = 4; lastKnownFileType = sourcecode.swift; path = Request.swift; sourceTree = "<group>"; };
		A182D1BE2372AB0F00112501 /* ActivitiesView.swift */ = {isa = PBXFileReference; fileEncoding = 4; lastKnownFileType = sourcecode.swift; path = ActivitiesView.swift; sourceTree = "<group>"; };
		A182D1BF2372AB0F00112501 /* View.swift */ = {isa = PBXFileReference; fileEncoding = 4; lastKnownFileType = sourcecode.swift; path = View.swift; sourceTree = "<group>"; };
		A182D1C02372AB0F00112501 /* UsersView.swift */ = {isa = PBXFileReference; fileEncoding = 4; lastKnownFileType = sourcecode.swift; path = UsersView.swift; sourceTree = "<group>"; };
		A182D1C12372AB0F00112501 /* OAuthView.swift */ = {isa = PBXFileReference; fileEncoding = 4; lastKnownFileType = sourcecode.swift; path = OAuthView.swift; sourceTree = "<group>"; };
		A182D1C32372AB0F00112501 /* SearchInput.swift */ = {isa = PBXFileReference; fileEncoding = 4; lastKnownFileType = sourcecode.swift; path = SearchInput.swift; sourceTree = "<group>"; };
		A182D1C42372AB0F00112501 /* UserWorkoutFileSearch.swift */ = {isa = PBXFileReference; fileEncoding = 4; lastKnownFileType = sourcecode.swift; path = UserWorkoutFileSearch.swift; sourceTree = "<group>"; };
		A182D1C52372AB0F00112501 /* AccessToken.swift */ = {isa = PBXFileReference; fileEncoding = 4; lastKnownFileType = sourcecode.swift; path = AccessToken.swift; sourceTree = "<group>"; };
		A182D1C62372AB0F00112501 /* Order.swift */ = {isa = PBXFileReference; fileEncoding = 4; lastKnownFileType = sourcecode.swift; path = Order.swift; sourceTree = "<group>"; };
		A182D1C72372AB0F00112501 /* SearchResult.swift */ = {isa = PBXFileReference; fileEncoding = 4; lastKnownFileType = sourcecode.swift; path = SearchResult.swift; sourceTree = "<group>"; };
		A182D1C82372AB0F00112501 /* User.swift */ = {isa = PBXFileReference; fileEncoding = 4; lastKnownFileType = sourcecode.swift; path = User.swift; sourceTree = "<group>"; };
		A182D1C92372AB0F00112501 /* Activity.swift */ = {isa = PBXFileReference; fileEncoding = 4; lastKnownFileType = sourcecode.swift; path = Activity.swift; sourceTree = "<group>"; };
		A182D1CA2372AB0F00112501 /* WorkoutType.swift */ = {isa = PBXFileReference; fileEncoding = 4; lastKnownFileType = sourcecode.swift; path = WorkoutType.swift; sourceTree = "<group>"; };
		A182D1CB2372AB0F00112501 /* DateRange.swift */ = {isa = PBXFileReference; fileEncoding = 4; lastKnownFileType = sourcecode.swift; path = DateRange.swift; sourceTree = "<group>"; };
		A18762102373EB1600893CFF /* Result.swift */ = {isa = PBXFileReference; lastKnownFileType = sourcecode.swift; path = Result.swift; sourceTree = "<group>"; };
		A18762122374FB1800893CFF /* KeyValueStore.swift */ = {isa = PBXFileReference; lastKnownFileType = sourcecode.swift; path = KeyValueStore.swift; sourceTree = "<group>"; };
		A18A52A0234C2D210016DDA5 /* Zone5 Example.app */ = {isa = PBXFileReference; explicitFileType = wrapper.application; includeInIndex = 0; path = "Zone5 Example.app"; sourceTree = BUILT_PRODUCTS_DIR; };
		A18A52A3234C2D210016DDA5 /* AppDelegate.swift */ = {isa = PBXFileReference; lastKnownFileType = sourcecode.swift; path = AppDelegate.swift; sourceTree = "<group>"; };
		A18A52A5234C2D210016DDA5 /* SceneDelegate.swift */ = {isa = PBXFileReference; lastKnownFileType = sourcecode.swift; path = SceneDelegate.swift; sourceTree = "<group>"; };
		A18A52A9234C2D220016DDA5 /* Assets.xcassets */ = {isa = PBXFileReference; lastKnownFileType = folder.assetcatalog; path = Assets.xcassets; sourceTree = "<group>"; };
		A18A52AF234C2D220016DDA5 /* Base */ = {isa = PBXFileReference; lastKnownFileType = file.storyboard; name = Base; path = Base.lproj/LaunchScreen.storyboard; sourceTree = "<group>"; };
		A190FFE023791C890059561D /* EndpointController.swift */ = {isa = PBXFileReference; lastKnownFileType = sourcecode.swift; path = EndpointController.swift; sourceTree = "<group>"; };
		A190FFE2237937910059561D /* Development Assets */ = {isa = PBXFileReference; lastKnownFileType = folder; path = "Development Assets"; sourceTree = "<group>"; };
		A190FFE4237938420059561D /* DataFileUploadContext.swift */ = {isa = PBXFileReference; lastKnownFileType = sourcecode.swift; path = DataFileUploadContext.swift; sourceTree = "<group>"; };
		A190FFE8237938D80059561D /* DayRange.swift */ = {isa = PBXFileReference; lastKnownFileType = sourcecode.swift; path = DayRange.swift; sourceTree = "<group>"; };
		A196032523793DD000CEB121 /* SearchResultTests.swift */ = {isa = PBXFileReference; lastKnownFileType = sourcecode.swift; path = SearchResultTests.swift; sourceTree = "<group>"; };
		A196032D2379445200CEB121 /* RequestTests.swift */ = {isa = PBXFileReference; fileEncoding = 4; lastKnownFileType = sourcecode.swift; path = RequestTests.swift; sourceTree = "<group>"; };
		A196033023794AE100CEB121 /* DataAccessRequest.swift */ = {isa = PBXFileReference; lastKnownFileType = sourcecode.swift; path = DataAccessRequest.swift; sourceTree = "<group>"; };
		A196033223794B4600CEB121 /* DataFileChannel.swift */ = {isa = PBXFileReference; lastKnownFileType = sourcecode.swift; path = DataFileChannel.swift; sourceTree = "<group>"; };
		A196033423794C4B00CEB121 /* Equipment.swift */ = {isa = PBXFileReference; lastKnownFileType = sourcecode.swift; path = Equipment.swift; sourceTree = "<group>"; };
		A196033623794CCD00CEB121 /* EventTarget.swift */ = {isa = PBXFileReference; lastKnownFileType = sourcecode.swift; path = EventTarget.swift; sourceTree = "<group>"; };
		A196033823794D4600CEB121 /* EventTeamCategory.swift */ = {isa = PBXFileReference; lastKnownFileType = sourcecode.swift; path = EventTeamCategory.swift; sourceTree = "<group>"; };
		A196033A23794D7B00CEB121 /* FileUploadState.swift */ = {isa = PBXFileReference; lastKnownFileType = sourcecode.swift; path = FileUploadState.swift; sourceTree = "<group>"; };
		A196033C23794DD000CEB121 /* ResultReview.swift */ = {isa = PBXFileReference; fileEncoding = 4; lastKnownFileType = sourcecode.swift; path = ResultReview.swift; sourceTree = "<group>"; };
		A196033D23794DD000CEB121 /* IntensityZoneType.swift */ = {isa = PBXFileReference; fileEncoding = 4; lastKnownFileType = sourcecode.swift; path = IntensityZoneType.swift; sourceTree = "<group>"; };
		A196033E23794DD000CEB121 /* RunType.swift */ = {isa = PBXFileReference; fileEncoding = 4; lastKnownFileType = sourcecode.swift; path = RunType.swift; sourceTree = "<group>"; };
		A196033F23794DD000CEB121 /* LapType.swift */ = {isa = PBXFileReference; fileEncoding = 4; lastKnownFileType = sourcecode.swift; path = LapType.swift; sourceTree = "<group>"; };
		A196034023794DD000CEB121 /* UserConnectionsType.swift */ = {isa = PBXFileReference; fileEncoding = 4; lastKnownFileType = sourcecode.swift; path = UserConnectionsType.swift; sourceTree = "<group>"; };
		A196034123794DD000CEB121 /* PowerThresholdType.swift */ = {isa = PBXFileReference; fileEncoding = 4; lastKnownFileType = sourcecode.swift; path = PowerThresholdType.swift; sourceTree = "<group>"; };
		A196034323794DD000CEB121 /* MappedFieldType.swift */ = {isa = PBXFileReference; fileEncoding = 4; lastKnownFileType = sourcecode.swift; path = MappedFieldType.swift; sourceTree = "<group>"; };
		A196034423794DD100CEB121 /* RelativePeriod.swift */ = {isa = PBXFileReference; fileEncoding = 4; lastKnownFileType = sourcecode.swift; path = RelativePeriod.swift; sourceTree = "<group>"; };
		A196034523794DD100CEB121 /* UserWorkoutFailedReason.swift */ = {isa = PBXFileReference; fileEncoding = 4; lastKnownFileType = sourcecode.swift; path = UserWorkoutFailedReason.swift; sourceTree = "<group>"; };
		A196034723794DD100CEB121 /* UnitMeasurement.swift */ = {isa = PBXFileReference; fileEncoding = 4; lastKnownFileType = sourcecode.swift; path = UnitMeasurement.swift; sourceTree = "<group>"; };
		A196034823794DD100CEB121 /* UserDelegateState.swift */ = {isa = PBXFileReference; fileEncoding = 4; lastKnownFileType = sourcecode.swift; path = UserDelegateState.swift; sourceTree = "<group>"; };
		A196034923794DD100CEB121 /* TScoreType.swift */ = {isa = PBXFileReference; fileEncoding = 4; lastKnownFileType = sourcecode.swift; path = TScoreType.swift; sourceTree = "<group>"; };
		A196034A23794DD100CEB121 /* UserWorkoutState.swift */ = {isa = PBXFileReference; fileEncoding = 4; lastKnownFileType = sourcecode.swift; path = UserWorkoutState.swift; sourceTree = "<group>"; };
		A196034B23794DD100CEB121 /* TimeOfDay.swift */ = {isa = PBXFileReference; fileEncoding = 4; lastKnownFileType = sourcecode.swift; path = TimeOfDay.swift; sourceTree = "<group>"; };
		A196034C23794DD100CEB121 /* ResultSource.swift */ = {isa = PBXFileReference; fileEncoding = 4; lastKnownFileType = sourcecode.swift; path = ResultSource.swift; sourceTree = "<group>"; };
		A196034D23794DD100CEB121 /* Terrain.swift */ = {isa = PBXFileReference; fileEncoding = 4; lastKnownFileType = sourcecode.swift; path = Terrain.swift; sourceTree = "<group>"; };
		A196034E23794DD100CEB121 /* UserDelegateRelationship.swift */ = {isa = PBXFileReference; fileEncoding = 4; lastKnownFileType = sourcecode.swift; path = UserDelegateRelationship.swift; sourceTree = "<group>"; };
		A196034F23794DD100CEB121 /* SwimType.swift */ = {isa = PBXFileReference; fileEncoding = 4; lastKnownFileType = sourcecode.swift; path = SwimType.swift; sourceTree = "<group>"; };
		A1BF294A2387612500CFC458 /* Milliseconds.swift */ = {isa = PBXFileReference; lastKnownFileType = sourcecode.swift; path = Milliseconds.swift; sourceTree = "<group>"; };
		A1BF294C2387883E00CFC458 /* MillisecondsTests.swift */ = {isa = PBXFileReference; lastKnownFileType = sourcecode.swift; path = MillisecondsTests.swift; sourceTree = "<group>"; };
		A1C28C63238B8BE000E67B05 /* Indirect.swift */ = {isa = PBXFileReference; lastKnownFileType = sourcecode.swift; path = Indirect.swift; sourceTree = "<group>"; };
		A1C42B6523850CF2004E33B9 /* HTTPClientDownloadRequestTests.swift */ = {isa = PBXFileReference; fileEncoding = 4; lastKnownFileType = sourcecode.swift; path = HTTPClientDownloadRequestTests.swift; sourceTree = "<group>"; };
		A1D31CCC2375274800A54922 /* ObjectView.swift */ = {isa = PBXFileReference; lastKnownFileType = sourcecode.swift; path = ObjectView.swift; sourceTree = "<group>"; };
		A1EBDAD6237A1DE800834B21 /* MultipartEncodedBody.swift */ = {isa = PBXFileReference; fileEncoding = 4; lastKnownFileType = sourcecode.swift; path = MultipartEncodedBody.swift; sourceTree = "<group>"; };
		A1EBDAD8237A21DD00834B21 /* MultipartEncodedBodyTests.swift */ = {isa = PBXFileReference; lastKnownFileType = sourcecode.swift; path = MultipartEncodedBodyTests.swift; sourceTree = "<group>"; };
		A1EBDADC237A241100834B21 /* Bundle.swift */ = {isa = PBXFileReference; lastKnownFileType = sourcecode.swift; path = Bundle.swift; sourceTree = "<group>"; };
		A1ED40892362DA14001495B2 /* EndpointLink.swift */ = {isa = PBXFileReference; fileEncoding = 4; lastKnownFileType = sourcecode.swift; path = EndpointLink.swift; sourceTree = "<group>"; };
		A1ED408A2362DA14001495B2 /* Info.plist */ = {isa = PBXFileReference; fileEncoding = 4; lastKnownFileType = text.plist.xml; path = Info.plist; sourceTree = "<group>"; };
		A1ED408B2362DA14001495B2 /* ConfigurationView.swift */ = {isa = PBXFileReference; fileEncoding = 4; lastKnownFileType = sourcecode.swift; path = ConfigurationView.swift; sourceTree = "<group>"; };
		A1ED408C2362DA14001495B2 /* EndpointView.swift */ = {isa = PBXFileReference; fileEncoding = 4; lastKnownFileType = sourcecode.swift; path = EndpointView.swift; sourceTree = "<group>"; };
		A1ED408D2362DA14001495B2 /* ContentView.swift */ = {isa = PBXFileReference; fileEncoding = 4; lastKnownFileType = sourcecode.swift; path = ContentView.swift; sourceTree = "<group>"; };
		A1ED408E2362DA14001495B2 /* ActivityIndicator.swift */ = {isa = PBXFileReference; fileEncoding = 4; lastKnownFileType = sourcecode.swift; path = ActivityIndicator.swift; sourceTree = "<group>"; };
		A1F058E22372A3840034C7D0 /* Zone5.framework */ = {isa = PBXFileReference; explicitFileType = wrapper.framework; includeInIndex = 0; path = Zone5.framework; sourceTree = BUILT_PRODUCTS_DIR; };
		A1F058E42372A3840034C7D0 /* Zone5.h */ = {isa = PBXFileReference; lastKnownFileType = sourcecode.c.h; path = Zone5.h; sourceTree = "<group>"; };
		A1F058E52372A3840034C7D0 /* Info.plist */ = {isa = PBXFileReference; lastKnownFileType = text.plist.xml; path = Info.plist; sourceTree = "<group>"; };
		A1F058EA2372A3840034C7D0 /* Zone5Tests.xctest */ = {isa = PBXFileReference; explicitFileType = wrapper.cfbundle; includeInIndex = 0; path = Zone5Tests.xctest; sourceTree = BUILT_PRODUCTS_DIR; };
		A1F058F12372A3840034C7D0 /* Zone5Tests.swift */ = {isa = PBXFileReference; lastKnownFileType = sourcecode.swift; path = Zone5Tests.swift; sourceTree = "<group>"; };
		A1F058F32372A3840034C7D0 /* Info.plist */ = {isa = PBXFileReference; lastKnownFileType = text.plist.xml; path = Info.plist; sourceTree = "<group>"; };
		A1F059032372A4B60034C7D0 /* XCTestManifests.swift */ = {isa = PBXFileReference; fileEncoding = 4; lastKnownFileType = sourcecode.swift; name = XCTestManifests.swift; path = Zone5Tests/XCTestManifests.swift; sourceTree = SOURCE_ROOT; };
		A1F0590B2372A97A0034C7D0 /* Package.swift */ = {isa = PBXFileReference; lastKnownFileType = sourcecode.swift; path = Package.swift; sourceTree = SOURCE_ROOT; };
		A1F0590C2372A9850034C7D0 /* README.md */ = {isa = PBXFileReference; lastKnownFileType = net.daringfireball.markdown; path = README.md; sourceTree = SOURCE_ROOT; };
/* End PBXFileReference section */

/* Begin PBXFrameworksBuildPhase section */
		A18A529D234C2D210016DDA5 /* Frameworks */ = {
			isa = PBXFrameworksBuildPhase;
			buildActionMask = 2147483647;
			files = (
				A1F058F72372A3840034C7D0 /* Zone5.framework in Frameworks */,
			);
			runOnlyForDeploymentPostprocessing = 0;
		};
		A1F058DF2372A3840034C7D0 /* Frameworks */ = {
			isa = PBXFrameworksBuildPhase;
			buildActionMask = 2147483647;
			files = (
			);
			runOnlyForDeploymentPostprocessing = 0;
		};
		A1F058E72372A3840034C7D0 /* Frameworks */ = {
			isa = PBXFrameworksBuildPhase;
			buildActionMask = 2147483647;
			files = (
				A1F058EB2372A3840034C7D0 /* Zone5.framework in Frameworks */,
			);
			runOnlyForDeploymentPostprocessing = 0;
		};
/* End PBXFrameworksBuildPhase section */

/* Begin PBXGroup section */
		0FB27F422406388700D7991B /* Company */ = {
			isa = PBXGroup;
			children = (
				0FB27F432406389C00D7991B /* Company.swift */,
			);
			path = Company;
			sourceTree = "<group>";
		};
		A10AB222237D1B7C00EBAC66 /* Routes */ = {
			isa = PBXGroup;
			children = (
				A10AB226237D341900EBAC66 /* UserRoute.swift */,
				A10AB227237D341900EBAC66 /* UserRouteOutputType.swift */,
				A10AB229237D341900EBAC66 /* UserRouteSearch.swift */,
				A10AB228237D341900EBAC66 /* UserRouteVisibilityMask.swift */,
			);
			path = Routes;
			sourceTree = "<group>";
		};
		A10AB223237D1CBF00EBAC66 /* Scripts */ = {
			isa = PBXGroup;
			children = (
				A10AB224237D1CEB00EBAC66 /* ConvertFromJava.swift */,
			);
			name = Scripts;
			path = scripts;
			sourceTree = "<group>";
		};
		A1219C68237A138800B6E80B /* Users */ = {
			isa = PBXGroup;
			children = (
				0FAA755B24074F2E00CB3C73 /* OAuthToken.swift */,
				0FAA755F2407531900CB3C73 /* OAuthTokenAlt.swift */,
				A182D1C82372AB0F00112501 /* User.swift */,
				0FB27F3E2406324900D7991B /* LoginResponse.swift */,
				0FAA754F2407350E00CB3C73 /* RegisterUser.swift */,
				0FAA75532407374B00CB3C73 /* UserThresholdHeart.swift */,
				0FAA75552407383200CB3C73 /* UserThresholdPace.swift */,
				0FAA755724073FBB00CB3C73 /* UserThresholdPower.swift */,
				0FAA7565240CA34300CB3C73 /* LoginRequest.swift */,
				0FAA7567240CB88600CB3C73 /* NewPassword.swift */,
				0FA1F1B5242AECB5005AD490 /* UsersPreferences.swift */,
			);
			path = Users;
			sourceTree = "<group>";
		};
		A124B0D72373E3250000919C /* Utilities */ = {
			isa = PBXGroup;
			children = (
				A124B0D82373E33A0000919C /* TestHTTPClientURLSession.swift */,
				A167D6D22383D21600507276 /* XCTestCase.swift */,
				A1EBDADC237A241100834B21 /* Bundle.swift */,
				A18762102373EB1600893CFF /* Result.swift */,
			);
			path = Utilities;
			sourceTree = "<group>";
		};
		A124B0DA2373E4F40000919C /* Views */ = {
			isa = PBXGroup;
			children = (
				A124B0D52373D9470000919C /* UsersViewTests.swift */,
				A1713CC02387435E0084BDDC /* OAuthViewTests.swift */,
				0F9D710124458EBD0053C6FD /* MetricsViewTests.swift */,
			);
			path = Views;
			sourceTree = "<group>";
		};
		A182D1B52372AB0E00112501 /* Transport */ = {
			isa = PBXGroup;
			children = (
				A182D1BA2372AB0E00112501 /* HTTPClient.swift */,
				A182D1C52372AB0F00112501 /* AccessToken.swift */,
				A182D1BB2372AB0E00112501 /* Request.swift */,
				A182D1B62372AB0E00112501 /* RequestEndpoint.swift */,
				A182D1B92372AB0E00112501 /* RequestBody.swift */,
				A182D1B72372AB0E00112501 /* URLEncodedBody.swift */,
				A182D1B82372AB0E00112501 /* JSONEncodedBody.swift */,
				A1EBDAD6237A1DE800834B21 /* MultipartEncodedBody.swift */,
				0FAA75632408E56E00CB3C73 /* StringEncodedBody.swift */,
				0F903483240692AA00051277 /* VoidReply.swift */,
				0F95EB5624637DD2000B859D /* PendingRequest.swift */,
			);
			path = Transport;
			sourceTree = "<group>";
		};
		A182D1BD2372AB0F00112501 /* Views */ = {
			isa = PBXGroup;
			children = (
				A182D1BF2372AB0F00112501 /* View.swift */,
				A182D1BE2372AB0F00112501 /* ActivitiesView.swift */,
				A182D1C02372AB0F00112501 /* UsersView.swift */,
				A182D1C12372AB0F00112501 /* OAuthView.swift */,
				A167D6CB238252CE00507276 /* RoutesView.swift */,
				0F9D70FD2445723E0053C6FD /* MetricsView.swift */,
			);
			path = Views;
			sourceTree = "<group>";
		};
		A182D1C22372AB0F00112501 /* Activities */ = {
			isa = PBXGroup;
			children = (
				A190FFE4237938420059561D /* DataFileUploadContext.swift */,
				A1219C69237A13BC00B6E80B /* DataFileUploadIndex.swift */,
				A10AB212237D0B5100EBAC66 /* UserHeadunit.swift */,
				A10AB214237D0C9400EBAC66 /* UserIntensityZone.swift */,
				A10AB216237D0D0000EBAC66 /* UserIntensityZoneRange.swift */,
				A10AB218237D0E9600EBAC66 /* UserPowerMeter.swift */,
				A10AB21A237D110200EBAC66 /* UserWorkoutDetails.swift */,
				A182D1C42372AB0F00112501 /* UserWorkoutFileSearch.swift */,
				A10AB220237D174C00EBAC66 /* UserWorkoutResult.swift */,
				A10AB236237E147D00EBAC66 /* UserWorkoutResultAlt.swift */,
				0FB27F3C24060BFA00D7991B /* UserWorkoutResultBike.swift */,
				A10AB230237E147D00EBAC66 /* UserWorkoutResultByHour.swift */,
				A10AB233237E147D00EBAC66 /* UserWorkoutResultChannel.swift */,
				A10AB232237E147D00EBAC66 /* UserWorkoutResultExt.swift */,
				A10AB237237E147E00EBAC66 /* UserWorkoutResultExt2.swift */,
				A10AB234237E147D00EBAC66 /* UserWorkoutResultPeakLss.swift */,
				A10AB231237E147D00EBAC66 /* UserWorkoutResultPeakPace.swift */,
				A10AB235237E147D00EBAC66 /* UserWorkoutResultRating.swift */,
				A10AB22E237E147D00EBAC66 /* UserWorkoutResultTurbo.swift */,
				A182D1C92372AB0F00112501 /* Activity.swift */,
			);
			path = Activities;
			sourceTree = "<group>";
		};
		A18762142374FB1C00893CFF /* Utilities */ = {
			isa = PBXGroup;
			children = (
				A18762122374FB1800893CFF /* KeyValueStore.swift */,
			);
			path = Utilities;
			sourceTree = "<group>";
		};
		A18A5297234C2D210016DDA5 = {
			isa = PBXGroup;
			children = (
				A1F058E32372A3840034C7D0 /* Zone5 */,
				A1F058F02372A3840034C7D0 /* Unit Tests */,
				A1ED40882362D990001495B2 /* Example App */,
				A10AB223237D1CBF00EBAC66 /* Scripts */,
				A190FFE2237937910059561D /* Development Assets */,
				A18A52A1234C2D210016DDA5 /* Products */,
			);
			sourceTree = "<group>";
		};
		A18A52A1234C2D210016DDA5 /* Products */ = {
			isa = PBXGroup;
			children = (
				A18A52A0234C2D210016DDA5 /* Zone5 Example.app */,
				A1F058E22372A3840034C7D0 /* Zone5.framework */,
				A1F058EA2372A3840034C7D0 /* Zone5Tests.xctest */,
			);
			name = Products;
			sourceTree = "<group>";
		};
		A190FFE6237938810059561D /* Enums */ = {
			isa = PBXGroup;
			children = (
				A10AB21C237D15CB00EBAC66 /* ActivityResultType.swift */,
				A10AB21E237D161900EBAC66 /* ActivityType.swift */,
				A196033023794AE100CEB121 /* DataAccessRequest.swift */,
				A196033223794B4600CEB121 /* DataFileChannel.swift */,
				A196033423794C4B00CEB121 /* Equipment.swift */,
				A196033623794CCD00CEB121 /* EventTarget.swift */,
				A196033823794D4600CEB121 /* EventTeamCategory.swift */,
				A196033A23794D7B00CEB121 /* FileUploadState.swift */,
				A196033D23794DD000CEB121 /* IntensityZoneType.swift */,
				A196033F23794DD000CEB121 /* LapType.swift */,
				A196034323794DD000CEB121 /* MappedFieldType.swift */,
				A196034123794DD000CEB121 /* PowerThresholdType.swift */,
				A196034423794DD100CEB121 /* RelativePeriod.swift */,
				A196033C23794DD000CEB121 /* ResultReview.swift */,
				A196034C23794DD100CEB121 /* ResultSource.swift */,
				A196033E23794DD000CEB121 /* RunType.swift */,
				A196034F23794DD100CEB121 /* SwimType.swift */,
				A196034D23794DD100CEB121 /* Terrain.swift */,
				A196034B23794DD100CEB121 /* TimeOfDay.swift */,
				A196034923794DD100CEB121 /* TScoreType.swift */,
				A196034723794DD100CEB121 /* UnitMeasurement.swift */,
				A196034023794DD000CEB121 /* UserConnectionsType.swift */,
				A196034E23794DD100CEB121 /* UserDelegateRelationship.swift */,
				A196034823794DD100CEB121 /* UserDelegateState.swift */,
				A196034523794DD100CEB121 /* UserWorkoutFailedReason.swift */,
				A196034A23794DD100CEB121 /* UserWorkoutState.swift */,
				A182D1CA2372AB0F00112501 /* WorkoutType.swift */,
				0FB27F40240634B900D7991B /* Roles.swift */,
			);
			path = Enums;
			sourceTree = "<group>";
		};
		A190FFE7237938BA0059561D /* Search */ = {
			isa = PBXGroup;
			children = (
				A182D1CB2372AB0F00112501 /* DateRange.swift */,
				A190FFE8237938D80059561D /* DayRange.swift */,
				A182D1C32372AB0F00112501 /* SearchInput.swift */,
				A167D6C623821FD900507276 /* SearchInputReport.swift */,
				A182D1C72372AB0F00112501 /* SearchResult.swift */,
				A182D1C62372AB0F00112501 /* Order.swift */,
				A1BF294A2387612500CFC458 /* Milliseconds.swift */,
				A1C28C63238B8BE000E67B05 /* Indirect.swift */,
			);
			path = Search;
			sourceTree = "<group>";
		};
		A196032B2379440200CEB121 /* Structures */ = {
			isa = PBXGroup;
			children = (
				A196032523793DD000CEB121 /* SearchResultTests.swift */,
				A167D6C823823CF400507276 /* DateRangeTests.swift */,
				A1BF294C2387883E00CFC458 /* MillisecondsTests.swift */,
			);
			path = Structures;
			sourceTree = "<group>";
		};
		A196032C2379441D00CEB121 /* Transport */ = {
			isa = PBXGroup;
			children = (
				A167D6D023838F0000507276 /* HTTPClientPerformRequestTests.swift */,
				A167D6D42383DBAB00507276 /* HTTPClientUploadRequestTests.swift */,
				A1C42B6523850CF2004E33B9 /* HTTPClientDownloadRequestTests.swift */,
				A196032D2379445200CEB121 /* RequestTests.swift */,
				A1713CBB2386060F0084BDDC /* RequestEndpointTests.swift */,
				A1713CBE238642C40084BDDC /* URLEncodedBodyTests.swift */,
				A1EBDAD8237A21DD00834B21 /* MultipartEncodedBodyTests.swift */,
			);
			path = Transport;
			sourceTree = "<group>";
		};
		A1ED40882362D990001495B2 /* Example App */ = {
			isa = PBXGroup;
			children = (
				A18A52A3234C2D210016DDA5 /* AppDelegate.swift */,
				A18A52A5234C2D210016DDA5 /* SceneDelegate.swift */,
				A1ED408D2362DA14001495B2 /* ContentView.swift */,
				A1ED40892362DA14001495B2 /* EndpointLink.swift */,
				A1ED408C2362DA14001495B2 /* EndpointView.swift */,
				A190FFE023791C890059561D /* EndpointController.swift */,
				A1D31CCC2375274800A54922 /* ObjectView.swift */,
				A1ED408E2362DA14001495B2 /* ActivityIndicator.swift */,
				A1ED408B2362DA14001495B2 /* ConfigurationView.swift */,
				A18762142374FB1C00893CFF /* Utilities */,
				A1F0590A2372A8250034C7D0 /* Supporting Files */,
				A18A52A9234C2D220016DDA5 /* Assets.xcassets */,
			);
			name = "Example App";
			path = Example;
			sourceTree = "<group>";
		};
		A1F058E32372A3840034C7D0 /* Zone5 */ = {
			isa = PBXGroup;
			children = (
				0FB27F422406388700D7991B /* Company */,
				A1F058E42372A3840034C7D0 /* Zone5.h */,
				A182D1B32372AB0500112501 /* Zone5.swift */,
				A1219C68237A138800B6E80B /* Users */,
				A182D1C22372AB0F00112501 /* Activities */,
				A10AB222237D1B7C00EBAC66 /* Routes */,
				A190FFE7237938BA0059561D /* Search */,
				A190FFE6237938810059561D /* Enums */,
				A182D1B52372AB0E00112501 /* Transport */,
				A182D1BD2372AB0F00112501 /* Views */,
				A1F059002372A3A80034C7D0 /* Supporting Files */,
			);
			path = Zone5;
			sourceTree = "<group>";
		};
		A1F058F02372A3840034C7D0 /* Unit Tests */ = {
			isa = PBXGroup;
			children = (
				A1F058F12372A3840034C7D0 /* Zone5Tests.swift */,
				A1F059032372A4B60034C7D0 /* XCTestManifests.swift */,
				A196032B2379440200CEB121 /* Structures */,
				A196032C2379441D00CEB121 /* Transport */,
				A124B0DA2373E4F40000919C /* Views */,
				A124B0D72373E3250000919C /* Utilities */,
				A1F059012372A3B20034C7D0 /* Supporting Files */,
			);
			name = "Unit Tests";
			path = Zone5Tests;
			sourceTree = "<group>";
		};
		A1F059002372A3A80034C7D0 /* Supporting Files */ = {
			isa = PBXGroup;
			children = (
				A1F0590C2372A9850034C7D0 /* README.md */,
				A1F0590B2372A97A0034C7D0 /* Package.swift */,
				A1F058E52372A3840034C7D0 /* Info.plist */,
			);
			name = "Supporting Files";
			sourceTree = "<group>";
		};
		A1F059012372A3B20034C7D0 /* Supporting Files */ = {
			isa = PBXGroup;
			children = (
				A1F058F32372A3840034C7D0 /* Info.plist */,
			);
			name = "Supporting Files";
			sourceTree = "<group>";
		};
		A1F0590A2372A8250034C7D0 /* Supporting Files */ = {
			isa = PBXGroup;
			children = (
				A18A52AE234C2D220016DDA5 /* LaunchScreen.storyboard */,
				A12D82482362B5FA00C6EA34 /* Example.entitlements */,
				A1ED408A2362DA14001495B2 /* Info.plist */,
			);
			name = "Supporting Files";
			sourceTree = "<group>";
		};
/* End PBXGroup section */

/* Begin PBXHeadersBuildPhase section */
		A1F058DD2372A3840034C7D0 /* Headers */ = {
			isa = PBXHeadersBuildPhase;
			buildActionMask = 2147483647;
			files = (
				A1F058F42372A3840034C7D0 /* Zone5.h in Headers */,
			);
			runOnlyForDeploymentPostprocessing = 0;
		};
/* End PBXHeadersBuildPhase section */

/* Begin PBXNativeTarget section */
		A18A529F234C2D210016DDA5 /* Zone5 Example */ = {
			isa = PBXNativeTarget;
			buildConfigurationList = A18A52B4234C2D220016DDA5 /* Build configuration list for PBXNativeTarget "Zone5 Example" */;
			buildPhases = (
				A18A529C234C2D210016DDA5 /* Sources */,
				A18A529D234C2D210016DDA5 /* Frameworks */,
				A18A529E234C2D210016DDA5 /* Resources */,
				A1F058F92372A3840034C7D0 /* Embed Frameworks */,
			);
			buildRules = (
			);
			dependencies = (
				A1F058F62372A3840034C7D0 /* PBXTargetDependency */,
			);
			name = "Zone5 Example";
			packageProductDependencies = (
			);
			productName = "Zone5 Example";
			productReference = A18A52A0234C2D210016DDA5 /* Zone5 Example.app */;
			productType = "com.apple.product-type.application";
		};
		A1F058E12372A3840034C7D0 /* Zone5 */ = {
			isa = PBXNativeTarget;
			buildConfigurationList = A1F058FE2372A3840034C7D0 /* Build configuration list for PBXNativeTarget "Zone5" */;
			buildPhases = (
				A1F058DD2372A3840034C7D0 /* Headers */,
				A1F058DE2372A3840034C7D0 /* Sources */,
				A1F058DF2372A3840034C7D0 /* Frameworks */,
				A1F058E02372A3840034C7D0 /* Resources */,
			);
			buildRules = (
			);
			dependencies = (
			);
			name = Zone5;
			productName = Zone5;
			productReference = A1F058E22372A3840034C7D0 /* Zone5.framework */;
			productType = "com.apple.product-type.framework";
		};
		A1F058E92372A3840034C7D0 /* Zone5Tests */ = {
			isa = PBXNativeTarget;
			buildConfigurationList = A1F058FF2372A3840034C7D0 /* Build configuration list for PBXNativeTarget "Zone5Tests" */;
			buildPhases = (
				A1F058E62372A3840034C7D0 /* Sources */,
				A1F058E72372A3840034C7D0 /* Frameworks */,
				A1F058E82372A3840034C7D0 /* Resources */,
			);
			buildRules = (
			);
			dependencies = (
				A1F058ED2372A3840034C7D0 /* PBXTargetDependency */,
			);
			name = Zone5Tests;
			productName = Zone5Tests;
			productReference = A1F058EA2372A3840034C7D0 /* Zone5Tests.xctest */;
			productType = "com.apple.product-type.bundle.unit-test";
		};
/* End PBXNativeTarget section */

/* Begin PBXProject section */
		A18A5298234C2D210016DDA5 /* Project object */ = {
			isa = PBXProject;
			attributes = {
				LastSwiftUpdateCheck = 1110;
				LastUpgradeCheck = 1110;
				ORGANIZATIONNAME = "Zone5 Ventures";
				TargetAttributes = {
					A18A529F234C2D210016DDA5 = {
						CreatedOnToolsVersion = 11.1;
					};
					A1F058E12372A3840034C7D0 = {
						CreatedOnToolsVersion = 11.1;
						LastSwiftMigration = 1110;
					};
					A1F058E92372A3840034C7D0 = {
						CreatedOnToolsVersion = 11.1;
					};
				};
			};
			buildConfigurationList = A18A529B234C2D210016DDA5 /* Build configuration list for PBXProject "Zone5" */;
			compatibilityVersion = "Xcode 9.3";
			developmentRegion = en;
			hasScannedForEncodings = 0;
			knownRegions = (
				en,
				Base,
			);
			mainGroup = A18A5297234C2D210016DDA5;
			productRefGroup = A18A52A1234C2D210016DDA5 /* Products */;
			projectDirPath = "";
			projectRoot = "";
			targets = (
				A1F058E12372A3840034C7D0 /* Zone5 */,
				A1F058E92372A3840034C7D0 /* Zone5Tests */,
				A18A529F234C2D210016DDA5 /* Zone5 Example */,
			);
		};
/* End PBXProject section */

/* Begin PBXResourcesBuildPhase section */
		A18A529E234C2D210016DDA5 /* Resources */ = {
			isa = PBXResourcesBuildPhase;
			buildActionMask = 2147483647;
			files = (
				A18A52B0234C2D220016DDA5 /* LaunchScreen.storyboard in Resources */,
				A18A52AA234C2D220016DDA5 /* Assets.xcassets in Resources */,
				A196032A237940BD00CEB121 /* Development Assets in Resources */,
			);
			runOnlyForDeploymentPostprocessing = 0;
		};
		A1F058E02372A3840034C7D0 /* Resources */ = {
			isa = PBXResourcesBuildPhase;
			buildActionMask = 2147483647;
			files = (
			);
			runOnlyForDeploymentPostprocessing = 0;
		};
		A1F058E82372A3840034C7D0 /* Resources */ = {
			isa = PBXResourcesBuildPhase;
			buildActionMask = 2147483647;
			files = (
				A1EBDADB237A236D00834B21 /* Development Assets in Resources */,
			);
			runOnlyForDeploymentPostprocessing = 0;
		};
/* End PBXResourcesBuildPhase section */

/* Begin PBXSourcesBuildPhase section */
		A18A529C234C2D210016DDA5 /* Sources */ = {
			isa = PBXSourcesBuildPhase;
			buildActionMask = 2147483647;
			files = (
				A18A52A4234C2D210016DDA5 /* AppDelegate.swift in Sources */,
				A18762132374FB1800893CFF /* KeyValueStore.swift in Sources */,
				A1ED40942362DA14001495B2 /* ContentView.swift in Sources */,
				A1ED40932362DA14001495B2 /* EndpointView.swift in Sources */,
				A190FFE123791C890059561D /* EndpointController.swift in Sources */,
				A1ED40922362DA14001495B2 /* ConfigurationView.swift in Sources */,
				A1ED40952362DA14001495B2 /* ActivityIndicator.swift in Sources */,
				A1ED40902362DA14001495B2 /* EndpointLink.swift in Sources */,
				A10AB242237E163900EBAC66 /* Bundle.swift in Sources */,
				A1D31CCD2375274800A54922 /* ObjectView.swift in Sources */,
				A18A52A6234C2D210016DDA5 /* SceneDelegate.swift in Sources */,
			);
			runOnlyForDeploymentPostprocessing = 0;
		};
		A1F058DE2372A3840034C7D0 /* Sources */ = {
			isa = PBXSourcesBuildPhase;
			buildActionMask = 2147483647;
			files = (
				A182D1CC2372AB0F00112501 /* RequestEndpoint.swift in Sources */,
				A1219C6A237A13BC00B6E80B /* DataFileUploadIndex.swift in Sources */,
				A182D1B42372AB0500112501 /* Zone5.swift in Sources */,
				A196035823794DD200CEB121 /* RelativePeriod.swift in Sources */,
				A182D1DA2372AB0F00112501 /* Order.swift in Sources */,
				A10AB240237E147E00EBAC66 /* UserWorkoutResultAlt.swift in Sources */,
				0FAA75642408E56E00CB3C73 /* StringEncodedBody.swift in Sources */,
				A167D6CC238252CE00507276 /* RoutesView.swift in Sources */,
				A182D1D42372AB0F00112501 /* View.swift in Sources */,
				A1C28C64238B8BE000E67B05 /* Indirect.swift in Sources */,
				A196035923794DD200CEB121 /* UserWorkoutFailedReason.swift in Sources */,
				0FB27F3D24060BFA00D7991B /* UserWorkoutResultBike.swift in Sources */,
				A182D1D02372AB0F00112501 /* HTTPClient.swift in Sources */,
				0FAA7566240CA34300CB3C73 /* LoginRequest.swift in Sources */,
				A182D1CE2372AB0F00112501 /* JSONEncodedBody.swift in Sources */,
				A1EBDAD7237A1DE800834B21 /* MultipartEncodedBody.swift in Sources */,
				0FB27F3F2406324900D7991B /* LoginResponse.swift in Sources */,
				0F95EB5724637DD2000B859D /* PendingRequest.swift in Sources */,
				0FAA755824073FBB00CB3C73 /* UserThresholdPower.swift in Sources */,
				A196035223794DD200CEB121 /* RunType.swift in Sources */,
				A196035323794DD200CEB121 /* LapType.swift in Sources */,
				A10AB23D237E147E00EBAC66 /* UserWorkoutResultChannel.swift in Sources */,
				0FB27F442406389C00D7991B /* Company.swift in Sources */,
				A196033123794AE100CEB121 /* DataAccessRequest.swift in Sources */,
				A196035723794DD200CEB121 /* MappedFieldType.swift in Sources */,
				A182D1D62372AB0F00112501 /* OAuthView.swift in Sources */,
				A182D1DF2372AB0F00112501 /* DateRange.swift in Sources */,
				A196035D23794DD200CEB121 /* TScoreType.swift in Sources */,
				A196035123794DD200CEB121 /* IntensityZoneType.swift in Sources */,
				A196033523794C4B00CEB121 /* Equipment.swift in Sources */,
				A10AB241237E147E00EBAC66 /* UserWorkoutResultExt2.swift in Sources */,
				A10AB221237D174C00EBAC66 /* UserWorkoutResult.swift in Sources */,
				A182D1D12372AB0F00112501 /* Request.swift in Sources */,
				A10AB215237D0C9400EBAC66 /* UserIntensityZone.swift in Sources */,
				A10AB23C237E147E00EBAC66 /* UserWorkoutResultExt.swift in Sources */,
				A196036123794DD200CEB121 /* Terrain.swift in Sources */,
				A190FFE9237938D80059561D /* DayRange.swift in Sources */,
				A196033323794B4600CEB121 /* DataFileChannel.swift in Sources */,
				A196033723794CCD00CEB121 /* EventTarget.swift in Sources */,
				A196033B23794D7B00CEB121 /* FileUploadState.swift in Sources */,
				A182D1DD2372AB0F00112501 /* Activity.swift in Sources */,
				A10AB22D237D341900EBAC66 /* UserRouteSearch.swift in Sources */,
				A196035023794DD200CEB121 /* ResultReview.swift in Sources */,
				A182D1D82372AB0F00112501 /* UserWorkoutFileSearch.swift in Sources */,
				0FAA7568240CB88600CB3C73 /* NewPassword.swift in Sources */,
				A196036323794DD200CEB121 /* SwimType.swift in Sources */,
				0F903484240692AA00051277 /* VoidReply.swift in Sources */,
				A10AB23F237E147E00EBAC66 /* UserWorkoutResultRating.swift in Sources */,
				0FAA75542407374B00CB3C73 /* UserThresholdHeart.swift in Sources */,
				A182D1D32372AB0F00112501 /* ActivitiesView.swift in Sources */,
				A10AB213237D0B5100EBAC66 /* UserHeadunit.swift in Sources */,
				A10AB22C237D341900EBAC66 /* UserRouteVisibilityMask.swift in Sources */,
				A196035423794DD200CEB121 /* UserConnectionsType.swift in Sources */,
				A182D1D72372AB0F00112501 /* SearchInput.swift in Sources */,
				A1BF294B2387612500CFC458 /* Milliseconds.swift in Sources */,
				0FB27F41240634B900D7991B /* Roles.swift in Sources */,
				A182D1DE2372AB0F00112501 /* WorkoutType.swift in Sources */,
				A182D1CF2372AB0F00112501 /* RequestBody.swift in Sources */,
				A182D1D52372AB0F00112501 /* UsersView.swift in Sources */,
				A10AB23A237E147E00EBAC66 /* UserWorkoutResultByHour.swift in Sources */,
				A196035523794DD200CEB121 /* PowerThresholdType.swift in Sources */,
				A196036223794DD200CEB121 /* UserDelegateRelationship.swift in Sources */,
				A10AB22B237D341900EBAC66 /* UserRouteOutputType.swift in Sources */,
				A182D1DC2372AB0F00112501 /* User.swift in Sources */,
				A10AB23E237E147E00EBAC66 /* UserWorkoutResultPeakLss.swift in Sources */,
				A190FFE5237938420059561D /* DataFileUploadContext.swift in Sources */,
				0FA1F1B6242AECB5005AD490 /* UsersPreferences.swift in Sources */,
				A10AB21F237D161900EBAC66 /* ActivityType.swift in Sources */,
				A10AB21B237D110200EBAC66 /* UserWorkoutDetails.swift in Sources */,
				A196035F23794DD200CEB121 /* TimeOfDay.swift in Sources */,
				A10AB21D237D15CB00EBAC66 /* ActivityResultType.swift in Sources */,
				0FAA75502407350E00CB3C73 /* RegisterUser.swift in Sources */,
				A182D1CD2372AB0F00112501 /* URLEncodedBody.swift in Sources */,
				A196033923794D4600CEB121 /* EventTeamCategory.swift in Sources */,
				A182D1D92372AB0F00112501 /* AccessToken.swift in Sources */,
				A10AB23B237E147E00EBAC66 /* UserWorkoutResultPeakPace.swift in Sources */,
				A10AB217237D0D0000EBAC66 /* UserIntensityZoneRange.swift in Sources */,
				A196035E23794DD200CEB121 /* UserWorkoutState.swift in Sources */,
				A196036023794DD200CEB121 /* ResultSource.swift in Sources */,
				A10AB219237D0E9600EBAC66 /* UserPowerMeter.swift in Sources */,
				A10AB22A237D341900EBAC66 /* UserRoute.swift in Sources */,
				0FAA755C24074F2E00CB3C73 /* OAuthToken.swift in Sources */,
				0FAA75562407383200CB3C73 /* UserThresholdPace.swift in Sources */,
				A196035B23794DD200CEB121 /* UnitMeasurement.swift in Sources */,
				0FAA75602407531900CB3C73 /* OAuthTokenAlt.swift in Sources */,
				A196035C23794DD200CEB121 /* UserDelegateState.swift in Sources */,
				A10AB238237E147E00EBAC66 /* UserWorkoutResultTurbo.swift in Sources */,
				0F9D70FE2445723E0053C6FD /* MetricsView.swift in Sources */,
				A167D6C723821FD900507276 /* SearchInputReport.swift in Sources */,
				A182D1DB2372AB0F00112501 /* SearchResult.swift in Sources */,
			);
			runOnlyForDeploymentPostprocessing = 0;
		};
		A1F058E62372A3840034C7D0 /* Sources */ = {
			isa = PBXSourcesBuildPhase;
			buildActionMask = 2147483647;
			files = (
				A18762112373EB1600893CFF /* Result.swift in Sources */,
				A1EBDADE237A241100834B21 /* Bundle.swift in Sources */,
				A167D6D123838F0000507276 /* HTTPClientPerformRequestTests.swift in Sources */,
				A196032F2379445D00CEB121 /* RequestTests.swift in Sources */,
				A167D6D32383D21600507276 /* XCTestCase.swift in Sources */,
				A1F058F22372A3840034C7D0 /* Zone5Tests.swift in Sources */,
				A196032623793DD000CEB121 /* SearchResultTests.swift in Sources */,
				A167D6D52383DBAB00507276 /* HTTPClientUploadRequestTests.swift in Sources */,
				A1EBDADA237A22ED00834B21 /* MultipartEncodedBodyTests.swift in Sources */,
				A1713CBD238609B20084BDDC /* RequestEndpointTests.swift in Sources */,
				A1713CC12387435E0084BDDC /* OAuthViewTests.swift in Sources */,
				A1713CBF238642C40084BDDC /* URLEncodedBodyTests.swift in Sources */,
				A1F059062372A4B60034C7D0 /* XCTestManifests.swift in Sources */,
				A124B0D92373E33A0000919C /* TestHTTPClientURLSession.swift in Sources */,
				A124B0D62373D9470000919C /* UsersViewTests.swift in Sources */,
				A1BF294E2387883E00CFC458 /* MillisecondsTests.swift in Sources */,
				A1C42B6623850CF2004E33B9 /* HTTPClientDownloadRequestTests.swift in Sources */,
				0F9D710224458EBD0053C6FD /* MetricsViewTests.swift in Sources */,
				A167D6CA23823D6500507276 /* DateRangeTests.swift in Sources */,
			);
			runOnlyForDeploymentPostprocessing = 0;
		};
/* End PBXSourcesBuildPhase section */

/* Begin PBXTargetDependency section */
		A1F058ED2372A3840034C7D0 /* PBXTargetDependency */ = {
			isa = PBXTargetDependency;
			target = A1F058E12372A3840034C7D0 /* Zone5 */;
			targetProxy = A1F058EC2372A3840034C7D0 /* PBXContainerItemProxy */;
		};
		A1F058F62372A3840034C7D0 /* PBXTargetDependency */ = {
			isa = PBXTargetDependency;
			target = A1F058E12372A3840034C7D0 /* Zone5 */;
			targetProxy = A1F058F52372A3840034C7D0 /* PBXContainerItemProxy */;
		};
/* End PBXTargetDependency section */

/* Begin PBXVariantGroup section */
		A18A52AE234C2D220016DDA5 /* LaunchScreen.storyboard */ = {
			isa = PBXVariantGroup;
			children = (
				A18A52AF234C2D220016DDA5 /* Base */,
			);
			name = LaunchScreen.storyboard;
			sourceTree = "<group>";
		};
/* End PBXVariantGroup section */

/* Begin XCBuildConfiguration section */
		A18A52B2234C2D220016DDA5 /* Debug */ = {
			isa = XCBuildConfiguration;
			buildSettings = {
				ALWAYS_SEARCH_USER_PATHS = NO;
				CLANG_ANALYZER_NONNULL = YES;
				CLANG_ANALYZER_NUMBER_OBJECT_CONVERSION = YES_AGGRESSIVE;
				CLANG_CXX_LANGUAGE_STANDARD = "gnu++14";
				CLANG_CXX_LIBRARY = "libc++";
				CLANG_ENABLE_MODULES = YES;
				CLANG_ENABLE_OBJC_ARC = YES;
				CLANG_ENABLE_OBJC_WEAK = YES;
				CLANG_WARN_BLOCK_CAPTURE_AUTORELEASING = YES;
				CLANG_WARN_BOOL_CONVERSION = YES;
				CLANG_WARN_COMMA = YES;
				CLANG_WARN_CONSTANT_CONVERSION = YES;
				CLANG_WARN_DEPRECATED_OBJC_IMPLEMENTATIONS = YES;
				CLANG_WARN_DIRECT_OBJC_ISA_USAGE = YES_ERROR;
				CLANG_WARN_DOCUMENTATION_COMMENTS = YES;
				CLANG_WARN_EMPTY_BODY = YES;
				CLANG_WARN_ENUM_CONVERSION = YES;
				CLANG_WARN_INFINITE_RECURSION = YES;
				CLANG_WARN_INT_CONVERSION = YES;
				CLANG_WARN_NON_LITERAL_NULL_CONVERSION = YES;
				CLANG_WARN_OBJC_IMPLICIT_RETAIN_SELF = YES;
				CLANG_WARN_OBJC_LITERAL_CONVERSION = YES;
				CLANG_WARN_OBJC_ROOT_CLASS = YES_ERROR;
				CLANG_WARN_RANGE_LOOP_ANALYSIS = YES;
				CLANG_WARN_STRICT_PROTOTYPES = YES;
				CLANG_WARN_SUSPICIOUS_MOVE = YES;
				CLANG_WARN_UNGUARDED_AVAILABILITY = YES_AGGRESSIVE;
				CLANG_WARN_UNREACHABLE_CODE = YES;
				CLANG_WARN__DUPLICATE_METHOD_MATCH = YES;
				COPY_PHASE_STRIP = NO;
				DEBUG_INFORMATION_FORMAT = dwarf;
				ENABLE_STRICT_OBJC_MSGSEND = YES;
				ENABLE_TESTABILITY = YES;
				GCC_C_LANGUAGE_STANDARD = gnu11;
				GCC_DYNAMIC_NO_PIC = NO;
				GCC_NO_COMMON_BLOCKS = YES;
				GCC_OPTIMIZATION_LEVEL = 0;
				GCC_PREPROCESSOR_DEFINITIONS = (
					"DEBUG=1",
					"XCODE=1",
					"$(inherited)",
				);
				GCC_WARN_64_TO_32_BIT_CONVERSION = YES;
				GCC_WARN_ABOUT_RETURN_TYPE = YES_ERROR;
				GCC_WARN_UNDECLARED_SELECTOR = YES;
				GCC_WARN_UNINITIALIZED_AUTOS = YES_AGGRESSIVE;
				GCC_WARN_UNUSED_FUNCTION = YES;
				GCC_WARN_UNUSED_VARIABLE = YES;
				IPHONEOS_DEPLOYMENT_TARGET = 11.0;
				MTL_ENABLE_DEBUG_INFO = INCLUDE_SOURCE;
				MTL_FAST_MATH = YES;
				ONLY_ACTIVE_ARCH = YES;
				SDKROOT = iphoneos;
				SWIFT_ACTIVE_COMPILATION_CONDITIONS = "DEBUG XCODE";
				SWIFT_OPTIMIZATION_LEVEL = "-Onone";
				TARGETED_DEVICE_FAMILY = "1,2";
			};
			name = Debug;
		};
		A18A52B3234C2D220016DDA5 /* Release */ = {
			isa = XCBuildConfiguration;
			buildSettings = {
				ALWAYS_SEARCH_USER_PATHS = NO;
				CLANG_ANALYZER_NONNULL = YES;
				CLANG_ANALYZER_NUMBER_OBJECT_CONVERSION = YES_AGGRESSIVE;
				CLANG_CXX_LANGUAGE_STANDARD = "gnu++14";
				CLANG_CXX_LIBRARY = "libc++";
				CLANG_ENABLE_MODULES = YES;
				CLANG_ENABLE_OBJC_ARC = YES;
				CLANG_ENABLE_OBJC_WEAK = YES;
				CLANG_WARN_BLOCK_CAPTURE_AUTORELEASING = YES;
				CLANG_WARN_BOOL_CONVERSION = YES;
				CLANG_WARN_COMMA = YES;
				CLANG_WARN_CONSTANT_CONVERSION = YES;
				CLANG_WARN_DEPRECATED_OBJC_IMPLEMENTATIONS = YES;
				CLANG_WARN_DIRECT_OBJC_ISA_USAGE = YES_ERROR;
				CLANG_WARN_DOCUMENTATION_COMMENTS = YES;
				CLANG_WARN_EMPTY_BODY = YES;
				CLANG_WARN_ENUM_CONVERSION = YES;
				CLANG_WARN_INFINITE_RECURSION = YES;
				CLANG_WARN_INT_CONVERSION = YES;
				CLANG_WARN_NON_LITERAL_NULL_CONVERSION = YES;
				CLANG_WARN_OBJC_IMPLICIT_RETAIN_SELF = YES;
				CLANG_WARN_OBJC_LITERAL_CONVERSION = YES;
				CLANG_WARN_OBJC_ROOT_CLASS = YES_ERROR;
				CLANG_WARN_RANGE_LOOP_ANALYSIS = YES;
				CLANG_WARN_STRICT_PROTOTYPES = YES;
				CLANG_WARN_SUSPICIOUS_MOVE = YES;
				CLANG_WARN_UNGUARDED_AVAILABILITY = YES_AGGRESSIVE;
				CLANG_WARN_UNREACHABLE_CODE = YES;
				CLANG_WARN__DUPLICATE_METHOD_MATCH = YES;
				COPY_PHASE_STRIP = NO;
				DEBUG_INFORMATION_FORMAT = "dwarf-with-dsym";
				ENABLE_NS_ASSERTIONS = NO;
				ENABLE_STRICT_OBJC_MSGSEND = YES;
				GCC_C_LANGUAGE_STANDARD = gnu11;
				GCC_NO_COMMON_BLOCKS = YES;
				GCC_PREPROCESSOR_DEFINITIONS = XCODE;
				GCC_WARN_64_TO_32_BIT_CONVERSION = YES;
				GCC_WARN_ABOUT_RETURN_TYPE = YES_ERROR;
				GCC_WARN_UNDECLARED_SELECTOR = YES;
				GCC_WARN_UNINITIALIZED_AUTOS = YES_AGGRESSIVE;
				GCC_WARN_UNUSED_FUNCTION = YES;
				GCC_WARN_UNUSED_VARIABLE = YES;
				IPHONEOS_DEPLOYMENT_TARGET = 11.0;
				MTL_ENABLE_DEBUG_INFO = NO;
				MTL_FAST_MATH = YES;
				SDKROOT = iphoneos;
				SWIFT_ACTIVE_COMPILATION_CONDITIONS = XCODE;
				SWIFT_COMPILATION_MODE = wholemodule;
				SWIFT_OPTIMIZATION_LEVEL = "-O";
				TARGETED_DEVICE_FAMILY = "1,2";
				VALIDATE_PRODUCT = YES;
			};
			name = Release;
		};
		A18A52B5234C2D220016DDA5 /* Debug */ = {
			isa = XCBuildConfiguration;
			buildSettings = {
				ALWAYS_EMBED_SWIFT_STANDARD_LIBRARIES = YES;
				ASSETCATALOG_COMPILER_APPICON_NAME = AppIcon;
				CODE_SIGN_ENTITLEMENTS = Example/Example.entitlements;
				CODE_SIGN_STYLE = Automatic;
				DERIVE_MACCATALYST_PRODUCT_BUNDLE_IDENTIFIER = YES;
				DEVELOPMENT_ASSET_PATHS = "";
				DEVELOPMENT_TEAM = 986GGC5BDP;
				ENABLE_PREVIEWS = YES;
				INFOPLIST_FILE = Example/Info.plist;
				IPHONEOS_DEPLOYMENT_TARGET = 13.0;
				LD_RUNPATH_SEARCH_PATHS = (
					"$(inherited)",
					"@executable_path/Frameworks",
				);
				PRODUCT_BUNDLE_IDENTIFIER = com.zone5ventures.Zone5SDK.Example;
				PRODUCT_NAME = "$(TARGET_NAME)";
				SUPPORTS_MACCATALYST = YES;
				SWIFT_VERSION = 5.0;
			};
			name = Debug;
		};
		A18A52B6234C2D220016DDA5 /* Release */ = {
			isa = XCBuildConfiguration;
			buildSettings = {
				ALWAYS_EMBED_SWIFT_STANDARD_LIBRARIES = YES;
				ASSETCATALOG_COMPILER_APPICON_NAME = AppIcon;
				CODE_SIGN_ENTITLEMENTS = Example/Example.entitlements;
				CODE_SIGN_STYLE = Automatic;
				DERIVE_MACCATALYST_PRODUCT_BUNDLE_IDENTIFIER = YES;
				DEVELOPMENT_ASSET_PATHS = "";
				DEVELOPMENT_TEAM = 986GGC5BDP;
				ENABLE_PREVIEWS = YES;
				INFOPLIST_FILE = Example/Info.plist;
				IPHONEOS_DEPLOYMENT_TARGET = 13.0;
				LD_RUNPATH_SEARCH_PATHS = (
					"$(inherited)",
					"@executable_path/Frameworks",
				);
				PRODUCT_BUNDLE_IDENTIFIER = com.zone5ventures.Zone5SDK.Example;
				PRODUCT_NAME = "$(TARGET_NAME)";
				SUPPORTS_MACCATALYST = YES;
				SWIFT_VERSION = 5.0;
			};
			name = Release;
		};
		A1F058FA2372A3840034C7D0 /* Debug */ = {
			isa = XCBuildConfiguration;
			buildSettings = {
				APPLICATION_EXTENSION_API_ONLY = YES;
				CLANG_ENABLE_MODULES = YES;
				CODE_SIGN_IDENTITY = "Apple Development";
				CODE_SIGN_STYLE = Automatic;
				CURRENT_PROJECT_VERSION = 14;
				DEFINES_MODULE = YES;
				DEVELOPMENT_TEAM = 986GGC5BDP;
				DYLIB_COMPATIBILITY_VERSION = 1;
				DYLIB_CURRENT_VERSION = 14;
				DYLIB_INSTALL_NAME_BASE = "@rpath";
				INFOPLIST_FILE = Zone5/Info.plist;
				INSTALL_PATH = "$(LOCAL_LIBRARY_DIR)/Frameworks";
				IPHONEOS_DEPLOYMENT_TARGET = 11.0;
				LD_RUNPATH_SEARCH_PATHS = (
					"$(inherited)",
					"@executable_path/Frameworks",
					"@loader_path/Frameworks",
				);
				PRODUCT_BUNDLE_IDENTIFIER = com.zone5ventures.Zone5SDK;
				PRODUCT_NAME = "$(TARGET_NAME:c99extidentifier)";
				SKIP_INSTALL = YES;
				SWIFT_OPTIMIZATION_LEVEL = "-Onone";
				SWIFT_VERSION = 5.0;
				VERSIONING_SYSTEM = "apple-generic";
				VERSION_INFO_PREFIX = "";
			};
			name = Debug;
		};
		A1F058FB2372A3840034C7D0 /* Release */ = {
			isa = XCBuildConfiguration;
			buildSettings = {
				APPLICATION_EXTENSION_API_ONLY = YES;
				CLANG_ENABLE_MODULES = YES;
				CODE_SIGN_IDENTITY = "Apple Development";
				CODE_SIGN_STYLE = Automatic;
				CURRENT_PROJECT_VERSION = 14;
				DEFINES_MODULE = YES;
				DEVELOPMENT_TEAM = 986GGC5BDP;
				DYLIB_COMPATIBILITY_VERSION = 1;
				DYLIB_CURRENT_VERSION = 14;
				DYLIB_INSTALL_NAME_BASE = "@rpath";
				INFOPLIST_FILE = Zone5/Info.plist;
				INSTALL_PATH = "$(LOCAL_LIBRARY_DIR)/Frameworks";
				IPHONEOS_DEPLOYMENT_TARGET = 11.0;
				LD_RUNPATH_SEARCH_PATHS = (
					"$(inherited)",
					"@executable_path/Frameworks",
					"@loader_path/Frameworks",
				);
				PRODUCT_BUNDLE_IDENTIFIER = com.zone5ventures.Zone5SDK;
				PRODUCT_NAME = "$(TARGET_NAME:c99extidentifier)";
				SKIP_INSTALL = YES;
				SWIFT_VERSION = 5.0;
				VERSIONING_SYSTEM = "apple-generic";
				VERSION_INFO_PREFIX = "";
			};
			name = Release;
		};
		A1F058FC2372A3840034C7D0 /* Debug */ = {
			isa = XCBuildConfiguration;
			buildSettings = {
				ALWAYS_EMBED_SWIFT_STANDARD_LIBRARIES = YES;
				CODE_SIGN_STYLE = Automatic;
				DEVELOPMENT_TEAM = 986GGC5BDP;
				INFOPLIST_FILE = Zone5Tests/Info.plist;
				LD_RUNPATH_SEARCH_PATHS = (
					"$(inherited)",
					"@executable_path/Frameworks",
					"@loader_path/Frameworks",
				);
				PRODUCT_BUNDLE_IDENTIFIER = com.zone5ventures.Zone5SDK.Tests;
				PRODUCT_NAME = "$(TARGET_NAME)";
				SWIFT_VERSION = 5.0;
			};
			name = Debug;
		};
		A1F058FD2372A3840034C7D0 /* Release */ = {
			isa = XCBuildConfiguration;
			buildSettings = {
				ALWAYS_EMBED_SWIFT_STANDARD_LIBRARIES = YES;
				CODE_SIGN_STYLE = Automatic;
				DEVELOPMENT_TEAM = 986GGC5BDP;
				INFOPLIST_FILE = Zone5Tests/Info.plist;
				LD_RUNPATH_SEARCH_PATHS = (
					"$(inherited)",
					"@executable_path/Frameworks",
					"@loader_path/Frameworks",
				);
				PRODUCT_BUNDLE_IDENTIFIER = com.zone5ventures.Zone5SDK.Tests;
				PRODUCT_NAME = "$(TARGET_NAME)";
				SWIFT_VERSION = 5.0;
			};
			name = Release;
		};
/* End XCBuildConfiguration section */

/* Begin XCConfigurationList section */
		A18A529B234C2D210016DDA5 /* Build configuration list for PBXProject "Zone5" */ = {
			isa = XCConfigurationList;
			buildConfigurations = (
				A18A52B2234C2D220016DDA5 /* Debug */,
				A18A52B3234C2D220016DDA5 /* Release */,
			);
			defaultConfigurationIsVisible = 0;
			defaultConfigurationName = Release;
		};
		A18A52B4234C2D220016DDA5 /* Build configuration list for PBXNativeTarget "Zone5 Example" */ = {
			isa = XCConfigurationList;
			buildConfigurations = (
				A18A52B5234C2D220016DDA5 /* Debug */,
				A18A52B6234C2D220016DDA5 /* Release */,
			);
			defaultConfigurationIsVisible = 0;
			defaultConfigurationName = Release;
		};
		A1F058FE2372A3840034C7D0 /* Build configuration list for PBXNativeTarget "Zone5" */ = {
			isa = XCConfigurationList;
			buildConfigurations = (
				A1F058FA2372A3840034C7D0 /* Debug */,
				A1F058FB2372A3840034C7D0 /* Release */,
			);
			defaultConfigurationIsVisible = 0;
			defaultConfigurationName = Release;
		};
		A1F058FF2372A3840034C7D0 /* Build configuration list for PBXNativeTarget "Zone5Tests" */ = {
			isa = XCConfigurationList;
			buildConfigurations = (
				A1F058FC2372A3840034C7D0 /* Debug */,
				A1F058FD2372A3840034C7D0 /* Release */,
			);
			defaultConfigurationIsVisible = 0;
			defaultConfigurationName = Release;
		};
/* End XCConfigurationList section */
	};
	rootObject = A18A5298234C2D210016DDA5 /* Project object */;
}
